// !$*UTF8*$!
{
	archiveVersion = 1;
	classes = {
	};
	objectVersion = 46;
	objects = {

/* Begin PBXBuildFile section */
		952B60B31AB68FD500A87CDB /* 至爱丽丝.mid in Resources */ = {isa = PBXBuildFile; fileRef = 952B60AE1AB68FD500A87CDB /* 至爱丽丝.mid */; };
		952B60B41AB68FD500A87CDB /* Rondeau.mid in Resources */ = {isa = PBXBuildFile; fileRef = 952B60AF1AB68FD500A87CDB /* Rondeau.mid */; };
		952B60B51AB68FD500A87CDB /* Rondo in C (Op.51. No.1.).mid in Resources */ = {isa = PBXBuildFile; fileRef = 952B60B01AB68FD500A87CDB /* Rondo in C (Op.51. No.1.).mid */; };
		952B60B61AB68FD500A87CDB /* Sonata No 14 in C#min-1.mid in Resources */ = {isa = PBXBuildFile; fileRef = 952B60B11AB68FD500A87CDB /* Sonata No 14 in C#min-1.mid */; };
		952B60B71AB68FD500A87CDB /* Sonata No 14 in C#min-3.mid in Resources */ = {isa = PBXBuildFile; fileRef = 952B60B21AB68FD500A87CDB /* Sonata No 14 in C#min-3.mid */; };
		957E0AAB1ABD1BA0002ECC85 /* Sound.fsh in Resources */ = {isa = PBXBuildFile; fileRef = 957E0AA81ABD1BA0002ECC85 /* Sound.fsh */; };
		957E0AAC1ABD1BA0002ECC85 /* XSharderCenter.m in Sources */ = {isa = PBXBuildFile; fileRef = 957E0AAA1ABD1BA0002ECC85 /* XSharderCenter.m */; };
		9589ED051AB34F1B0088FB9C /* AppDelegate.swift in Sources */ = {isa = PBXBuildFile; fileRef = 9589ED041AB34F1B0088FB9C /* AppDelegate.swift */; };
		9589ED091AB34F1B0088FB9C /* MusicPlay.swift in Sources */ = {isa = PBXBuildFile; fileRef = 9589ED081AB34F1B0088FB9C /* MusicPlay.swift */; };
		9589ED0B1AB34F1B0088FB9C /* GameViewController.swift in Sources */ = {isa = PBXBuildFile; fileRef = 9589ED0A1AB34F1B0088FB9C /* GameViewController.swift */; };
		9589ED0E1AB34F1B0088FB9C /* Main.storyboard in Resources */ = {isa = PBXBuildFile; fileRef = 9589ED0C1AB34F1B0088FB9C /* Main.storyboard */; };
		9589ED131AB34F1B0088FB9C /* LaunchScreen.xib in Resources */ = {isa = PBXBuildFile; fileRef = 9589ED111AB34F1B0088FB9C /* LaunchScreen.xib */; };
		9589ED1F1AB34F1B0088FB9C /* XMidiTests.swift in Sources */ = {isa = PBXBuildFile; fileRef = 9589ED1E1AB34F1B0088FB9C /* XMidiTests.swift */; };
		9589EDA91AB350460088FB9C /* 埃克赛斯舞曲.mid in Resources */ = {isa = PBXBuildFile; fileRef = 9589ED4A1AB350460088FB9C /* 埃克赛斯舞曲.mid */; };
		9589EDAB1AB350460088FB9C /* 绮想轮旋曲.mid in Resources */ = {isa = PBXBuildFile; fileRef = 9589ED4D1AB350460088FB9C /* 绮想轮旋曲.mid */; };
		9589EE051AB3523A0088FB9C /* XBarButton.swift in Sources */ = {isa = PBXBuildFile; fileRef = 9589EE041AB3523A0088FB9C /* XBarButton.swift */; };
		9589EE141AB360D10088FB9C /* 土耳其进行曲.mid in Resources */ = {isa = PBXBuildFile; fileRef = 9589EE131AB360D10088FB9C /* 土耳其进行曲.mid */; };
		958C31561AB935C0009A1EA1 /* 铃儿响叮当.mid in Resources */ = {isa = PBXBuildFile; fileRef = 958C31551AB935C0009A1EA1 /* 铃儿响叮当.mid */; };
		958C315D1AB943D9009A1EA1 /* XMidiFile.swift in Sources */ = {isa = PBXBuildFile; fileRef = 958C315C1AB943D9009A1EA1 /* XMidiFile.swift */; };
		95A4E2251ABE4CDC00FE6946 /* XProgressBar.swift in Sources */ = {isa = PBXBuildFile; fileRef = 95A4E2241ABE4CDC00FE6946 /* XProgressBar.swift */; };
		95A4E2271ABE500600FE6946 /* XIconButton.swift in Sources */ = {isa = PBXBuildFile; fileRef = 95A4E2261ABE500600FE6946 /* XIconButton.swift */; };
		95AF42181AB4A2DC005C708C /* Sonata No.9 in E-1.mid in Resources */ = {isa = PBXBuildFile; fileRef = 95AF42151AB4A2DC005C708C /* Sonata No.9 in E-1.mid */; };
		95AF42281AB5EBBC005C708C /* 命运交响曲第一章.mid in Resources */ = {isa = PBXBuildFile; fileRef = 95AF42271AB5EBBC005C708C /* 命运交响曲第一章.mid */; };
		95AF422A1AB5FF5D005C708C /* Images.xcassets in Resources */ = {isa = PBXBuildFile; fileRef = 95AF42291AB5FF5D005C708C /* Images.xcassets */; };
		95ED8A951AEA3565005E6E3F /* XFunction.m in Sources */ = {isa = PBXBuildFile; fileRef = 95ED8A251AEA3565005E6E3F /* XFunction.m */; };
		95ED8A961AEA3565005E6E3F /* XMidiEvent.m in Sources */ = {isa = PBXBuildFile; fileRef = 95ED8A281AEA3565005E6E3F /* XMidiEvent.m */; };
		95ED8A971AEA3565005E6E3F /* XMidiEventIterator.m in Sources */ = {isa = PBXBuildFile; fileRef = 95ED8A2A1AEA3565005E6E3F /* XMidiEventIterator.m */; };
		95ED8A981AEA3565005E6E3F /* XMidiNoteMessage.m in Sources */ = {isa = PBXBuildFile; fileRef = 95ED8A2C1AEA3565005E6E3F /* XMidiNoteMessage.m */; };
		95ED8A9A1AEA3565005E6E3F /* XMidiSequence.m in Sources */ = {isa = PBXBuildFile; fileRef = 95ED8A301AEA3565005E6E3F /* XMidiSequence.m */; };
		95ED8A9B1AEA3565005E6E3F /* XMidiTempoEvent.m in Sources */ = {isa = PBXBuildFile; fileRef = 95ED8A321AEA3565005E6E3F /* XMidiTempoEvent.m */; };
		95ED8A9C1AEA3565005E6E3F /* XMidiTrack.m in Sources */ = {isa = PBXBuildFile; fileRef = 95ED8A341AEA3565005E6E3F /* XMidiTrack.m */; };
		95ED8A9E1AEA3565005E6E3F /* OpenALSupport.c in Sources */ = {isa = PBXBuildFile; fileRef = 95ED8A381AEA3565005E6E3F /* OpenALSupport.c */; };
		95ED8A9F1AEA3565005E6E3F /* XOpenAL.m in Sources */ = {isa = PBXBuildFile; fileRef = 95ED8A3B1AEA3565005E6E3F /* XOpenAL.m */; };
		95ED8AA01AEA3565005E6E3F /* XOpenALPlayer.m in Sources */ = {isa = PBXBuildFile; fileRef = 95ED8A3D1AEA3565005E6E3F /* XOpenALPlayer.m */; };
		95ED8B041AEA365C005E6E3F /* iAppInfos.m in Sources */ = {isa = PBXBuildFile; fileRef = 95ED8AF81AEA365C005E6E3F /* iAppInfos.m */; };
		95ED8B051AEA365C005E6E3F /* JMODevicePowerInfos.m in Sources */ = {isa = PBXBuildFile; fileRef = 95ED8AFA1AEA365C005E6E3F /* JMODevicePowerInfos.m */; };
		95ED8B061AEA365C005E6E3F /* JMOMobileProvisionning.m in Sources */ = {isa = PBXBuildFile; fileRef = 95ED8AFD1AEA365C005E6E3F /* JMOMobileProvisionning.m */; };
		95ED8B071AEA365C005E6E3F /* NSDictionary+iAppInfos.m in Sources */ = {isa = PBXBuildFile; fileRef = 95ED8AFF1AEA365C005E6E3F /* NSDictionary+iAppInfos.m */; };
		95ED8B081AEA365C005E6E3F /* UIApplication+iAppInfos.m in Sources */ = {isa = PBXBuildFile; fileRef = 95ED8B011AEA365C005E6E3F /* UIApplication+iAppInfos.m */; };
		95ED8B091AEA365C005E6E3F /* UIDevice+iAppInfos.m in Sources */ = {isa = PBXBuildFile; fileRef = 95ED8B031AEA365C005E6E3F /* UIDevice+iAppInfos.m */; };
		95ED8B0D1AEA3A2D005E6E3F /* XMidiPlayer.m in Sources */ = {isa = PBXBuildFile; fileRef = 95ED8B0C1AEA3A2D005E6E3F /* XMidiPlayer.m */; };
		95ED8B681AEA3B97005E6E3F /* 024_C0KM56_M.wav in Resources */ = {isa = PBXBuildFile; fileRef = 95ED8B111AEA3B96005E6E3F /* 024_C0KM56_M.wav */; };
		95ED8B691AEA3B97005E6E3F /* 025_C#0KM56_M.wav in Resources */ = {isa = PBXBuildFile; fileRef = 95ED8B121AEA3B96005E6E3F /* 025_C#0KM56_M.wav */; };
		95ED8B6A1AEA3B97005E6E3F /* 026_D0KM56_M.wav in Resources */ = {isa = PBXBuildFile; fileRef = 95ED8B131AEA3B96005E6E3F /* 026_D0KM56_M.wav */; };
		95ED8B6B1AEA3B97005E6E3F /* 027_D#0KM56_M.wav in Resources */ = {isa = PBXBuildFile; fileRef = 95ED8B141AEA3B96005E6E3F /* 027_D#0KM56_M.wav */; };
		95ED8B6C1AEA3B97005E6E3F /* 028_E0KM56_M.wav in Resources */ = {isa = PBXBuildFile; fileRef = 95ED8B151AEA3B96005E6E3F /* 028_E0KM56_M.wav */; };
		95ED8B6D1AEA3B97005E6E3F /* 029_F0KM56_M.wav in Resources */ = {isa = PBXBuildFile; fileRef = 95ED8B161AEA3B96005E6E3F /* 029_F0KM56_M.wav */; };
		95ED8B6E1AEA3B97005E6E3F /* 030_F#0KM56_M.wav in Resources */ = {isa = PBXBuildFile; fileRef = 95ED8B171AEA3B96005E6E3F /* 030_F#0KM56_M.wav */; };
		95ED8B6F1AEA3B97005E6E3F /* 031_G0KM56_M.wav in Resources */ = {isa = PBXBuildFile; fileRef = 95ED8B181AEA3B96005E6E3F /* 031_G0KM56_M.wav */; };
		95ED8B701AEA3B97005E6E3F /* 032_G#0KM56_M.wav in Resources */ = {isa = PBXBuildFile; fileRef = 95ED8B191AEA3B96005E6E3F /* 032_G#0KM56_M.wav */; };
		95ED8B711AEA3B97005E6E3F /* 033_A0KM56_M.wav in Resources */ = {isa = PBXBuildFile; fileRef = 95ED8B1A1AEA3B96005E6E3F /* 033_A0KM56_M.wav */; };
		95ED8B721AEA3B97005E6E3F /* 034_A#0KM56_M.wav in Resources */ = {isa = PBXBuildFile; fileRef = 95ED8B1B1AEA3B96005E6E3F /* 034_A#0KM56_M.wav */; };
		95ED8B731AEA3B97005E6E3F /* 035_B0KM56_M.wav in Resources */ = {isa = PBXBuildFile; fileRef = 95ED8B1C1AEA3B96005E6E3F /* 035_B0KM56_M.wav */; };
		95ED8B741AEA3B97005E6E3F /* 036_C1KM56_M.wav in Resources */ = {isa = PBXBuildFile; fileRef = 95ED8B1D1AEA3B96005E6E3F /* 036_C1KM56_M.wav */; };
		95ED8B751AEA3B97005E6E3F /* 037_C#1KM56_M.wav in Resources */ = {isa = PBXBuildFile; fileRef = 95ED8B1E1AEA3B96005E6E3F /* 037_C#1KM56_M.wav */; };
		95ED8B761AEA3B97005E6E3F /* 038_D1KM56_M.wav in Resources */ = {isa = PBXBuildFile; fileRef = 95ED8B1F1AEA3B96005E6E3F /* 038_D1KM56_M.wav */; };
		95ED8B771AEA3B97005E6E3F /* 039_D#1KM56_M.wav in Resources */ = {isa = PBXBuildFile; fileRef = 95ED8B201AEA3B96005E6E3F /* 039_D#1KM56_M.wav */; };
		95ED8B781AEA3B97005E6E3F /* 040_E1KM56_M.wav in Resources */ = {isa = PBXBuildFile; fileRef = 95ED8B211AEA3B96005E6E3F /* 040_E1KM56_M.wav */; };
		95ED8B791AEA3B97005E6E3F /* 041_F1KM56_M.wav in Resources */ = {isa = PBXBuildFile; fileRef = 95ED8B221AEA3B96005E6E3F /* 041_F1KM56_M.wav */; };
		95ED8B7A1AEA3B97005E6E3F /* 042_F#1KM56_M.wav in Resources */ = {isa = PBXBuildFile; fileRef = 95ED8B231AEA3B96005E6E3F /* 042_F#1KM56_M.wav */; };
		95ED8B7B1AEA3B97005E6E3F /* 043_G1KM56_M.wav in Resources */ = {isa = PBXBuildFile; fileRef = 95ED8B241AEA3B96005E6E3F /* 043_G1KM56_M.wav */; };
		95ED8B7C1AEA3B97005E6E3F /* 044_G#1KM56_M.wav in Resources */ = {isa = PBXBuildFile; fileRef = 95ED8B251AEA3B96005E6E3F /* 044_G#1KM56_M.wav */; };
		95ED8B7D1AEA3B97005E6E3F /* 045_A1KM56_M.wav in Resources */ = {isa = PBXBuildFile; fileRef = 95ED8B261AEA3B96005E6E3F /* 045_A1KM56_M.wav */; };
		95ED8B7E1AEA3B97005E6E3F /* 046_A#1KM56_M.wav in Resources */ = {isa = PBXBuildFile; fileRef = 95ED8B271AEA3B96005E6E3F /* 046_A#1KM56_M.wav */; };
		95ED8B7F1AEA3B97005E6E3F /* 047_B1KM56_M.wav in Resources */ = {isa = PBXBuildFile; fileRef = 95ED8B281AEA3B96005E6E3F /* 047_B1KM56_M.wav */; };
		95ED8B801AEA3B97005E6E3F /* 048_C2KM56_M.wav in Resources */ = {isa = PBXBuildFile; fileRef = 95ED8B291AEA3B96005E6E3F /* 048_C2KM56_M.wav */; };
		95ED8B811AEA3B97005E6E3F /* 049_C#2KM56_M.wav in Resources */ = {isa = PBXBuildFile; fileRef = 95ED8B2A1AEA3B96005E6E3F /* 049_C#2KM56_M.wav */; };
		95ED8B821AEA3B97005E6E3F /* 050_D2KM56_M.wav in Resources */ = {isa = PBXBuildFile; fileRef = 95ED8B2B1AEA3B96005E6E3F /* 050_D2KM56_M.wav */; };
		95ED8B831AEA3B97005E6E3F /* 051_D#2KM56_M.wav in Resources */ = {isa = PBXBuildFile; fileRef = 95ED8B2C1AEA3B96005E6E3F /* 051_D#2KM56_M.wav */; };
		95ED8B841AEA3B97005E6E3F /* 052_E2KM56_M.wav in Resources */ = {isa = PBXBuildFile; fileRef = 95ED8B2D1AEA3B96005E6E3F /* 052_E2KM56_M.wav */; };
		95ED8B851AEA3B97005E6E3F /* 053_F2KM56_M.wav in Resources */ = {isa = PBXBuildFile; fileRef = 95ED8B2E1AEA3B96005E6E3F /* 053_F2KM56_M.wav */; };
		95ED8B861AEA3B97005E6E3F /* 054_F#2KM56_M.wav in Resources */ = {isa = PBXBuildFile; fileRef = 95ED8B2F1AEA3B96005E6E3F /* 054_F#2KM56_M.wav */; };
		95ED8B871AEA3B97005E6E3F /* 055_G2KM56_M.wav in Resources */ = {isa = PBXBuildFile; fileRef = 95ED8B301AEA3B96005E6E3F /* 055_G2KM56_M.wav */; };
		95ED8B881AEA3B97005E6E3F /* 056_G#2KM56_M.wav in Resources */ = {isa = PBXBuildFile; fileRef = 95ED8B311AEA3B96005E6E3F /* 056_G#2KM56_M.wav */; };
		95ED8B891AEA3B97005E6E3F /* 057_A2KM56_M.wav in Resources */ = {isa = PBXBuildFile; fileRef = 95ED8B321AEA3B96005E6E3F /* 057_A2KM56_M.wav */; };
		95ED8B8A1AEA3B97005E6E3F /* 058_A#2KM56_M.wav in Resources */ = {isa = PBXBuildFile; fileRef = 95ED8B331AEA3B97005E6E3F /* 058_A#2KM56_M.wav */; };
		95ED8B8B1AEA3B97005E6E3F /* 059_B2KM56_M.wav in Resources */ = {isa = PBXBuildFile; fileRef = 95ED8B341AEA3B97005E6E3F /* 059_B2KM56_M.wav */; };
		95ED8B8C1AEA3B97005E6E3F /* 060_C3KM56_M.wav in Resources */ = {isa = PBXBuildFile; fileRef = 95ED8B351AEA3B97005E6E3F /* 060_C3KM56_M.wav */; };
		95ED8B8D1AEA3B97005E6E3F /* 061_C#3KM56_M.wav in Resources */ = {isa = PBXBuildFile; fileRef = 95ED8B361AEA3B97005E6E3F /* 061_C#3KM56_M.wav */; };
		95ED8B8E1AEA3B97005E6E3F /* 062_D3KM56_M.wav in Resources */ = {isa = PBXBuildFile; fileRef = 95ED8B371AEA3B97005E6E3F /* 062_D3KM56_M.wav */; };
		95ED8B8F1AEA3B97005E6E3F /* 063_D#3KM56_M.wav in Resources */ = {isa = PBXBuildFile; fileRef = 95ED8B381AEA3B97005E6E3F /* 063_D#3KM56_M.wav */; };
		95ED8B901AEA3B97005E6E3F /* 064_E3KM56_M.wav in Resources */ = {isa = PBXBuildFile; fileRef = 95ED8B391AEA3B97005E6E3F /* 064_E3KM56_M.wav */; };
		95ED8B911AEA3B97005E6E3F /* 065_F3KM56_M.wav in Resources */ = {isa = PBXBuildFile; fileRef = 95ED8B3A1AEA3B97005E6E3F /* 065_F3KM56_M.wav */; };
		95ED8B921AEA3B97005E6E3F /* 066_F#3KM56_M.wav in Resources */ = {isa = PBXBuildFile; fileRef = 95ED8B3B1AEA3B97005E6E3F /* 066_F#3KM56_M.wav */; };
		95ED8B931AEA3B97005E6E3F /* 067_G3KM56_M.wav in Resources */ = {isa = PBXBuildFile; fileRef = 95ED8B3C1AEA3B97005E6E3F /* 067_G3KM56_M.wav */; };
		95ED8B941AEA3B97005E6E3F /* 068_G#3KM56_M.wav in Resources */ = {isa = PBXBuildFile; fileRef = 95ED8B3D1AEA3B97005E6E3F /* 068_G#3KM56_M.wav */; };
		95ED8B951AEA3B97005E6E3F /* 069_A3KM56_M.wav in Resources */ = {isa = PBXBuildFile; fileRef = 95ED8B3E1AEA3B97005E6E3F /* 069_A3KM56_M.wav */; };
		95ED8B961AEA3B97005E6E3F /* 070_A#3KM56_M.wav in Resources */ = {isa = PBXBuildFile; fileRef = 95ED8B3F1AEA3B97005E6E3F /* 070_A#3KM56_M.wav */; };
		95ED8B971AEA3B97005E6E3F /* 071_B3KM56_M.wav in Resources */ = {isa = PBXBuildFile; fileRef = 95ED8B401AEA3B97005E6E3F /* 071_B3KM56_M.wav */; };
		95ED8B981AEA3B97005E6E3F /* 072_C4KM56_M.wav in Resources */ = {isa = PBXBuildFile; fileRef = 95ED8B411AEA3B97005E6E3F /* 072_C4KM56_M.wav */; };
		95ED8B991AEA3B97005E6E3F /* 073_C#4KM56_M.wav in Resources */ = {isa = PBXBuildFile; fileRef = 95ED8B421AEA3B97005E6E3F /* 073_C#4KM56_M.wav */; };
		95ED8B9A1AEA3B97005E6E3F /* 074_D4KM56_M.wav in Resources */ = {isa = PBXBuildFile; fileRef = 95ED8B431AEA3B97005E6E3F /* 074_D4KM56_M.wav */; };
		95ED8B9B1AEA3B97005E6E3F /* 075_D#4KM56_M.wav in Resources */ = {isa = PBXBuildFile; fileRef = 95ED8B441AEA3B97005E6E3F /* 075_D#4KM56_M.wav */; };
		95ED8B9C1AEA3B97005E6E3F /* 076_E4KM56_M.wav in Resources */ = {isa = PBXBuildFile; fileRef = 95ED8B451AEA3B97005E6E3F /* 076_E4KM56_M.wav */; };
		95ED8B9D1AEA3B97005E6E3F /* 077_F4KM56_M.wav in Resources */ = {isa = PBXBuildFile; fileRef = 95ED8B461AEA3B97005E6E3F /* 077_F4KM56_M.wav */; };
		95ED8B9E1AEA3B97005E6E3F /* 078_F#4KM56_M.wav in Resources */ = {isa = PBXBuildFile; fileRef = 95ED8B471AEA3B97005E6E3F /* 078_F#4KM56_M.wav */; };
		95ED8B9F1AEA3B97005E6E3F /* 079_G4KM56_M.wav in Resources */ = {isa = PBXBuildFile; fileRef = 95ED8B481AEA3B97005E6E3F /* 079_G4KM56_M.wav */; };
		95ED8BA01AEA3B97005E6E3F /* 080_G#4KM56_M.wav in Resources */ = {isa = PBXBuildFile; fileRef = 95ED8B491AEA3B97005E6E3F /* 080_G#4KM56_M.wav */; };
		95ED8BA11AEA3B97005E6E3F /* 081_A4KM56_M.wav in Resources */ = {isa = PBXBuildFile; fileRef = 95ED8B4A1AEA3B97005E6E3F /* 081_A4KM56_M.wav */; };
		95ED8BA21AEA3B97005E6E3F /* 082_A#4KM56_M.wav in Resources */ = {isa = PBXBuildFile; fileRef = 95ED8B4B1AEA3B97005E6E3F /* 082_A#4KM56_M.wav */; };
		95ED8BA31AEA3B97005E6E3F /* 083_B4KM56_M.wav in Resources */ = {isa = PBXBuildFile; fileRef = 95ED8B4C1AEA3B97005E6E3F /* 083_B4KM56_M.wav */; };
		95ED8BA41AEA3B97005E6E3F /* 084_C5KM56_M.wav in Resources */ = {isa = PBXBuildFile; fileRef = 95ED8B4D1AEA3B97005E6E3F /* 084_C5KM56_M.wav */; };
		95ED8BA51AEA3B97005E6E3F /* 085_C#5KM56_M.wav in Resources */ = {isa = PBXBuildFile; fileRef = 95ED8B4E1AEA3B97005E6E3F /* 085_C#5KM56_M.wav */; };
		95ED8BA61AEA3B97005E6E3F /* 086_D5KM56_M.wav in Resources */ = {isa = PBXBuildFile; fileRef = 95ED8B4F1AEA3B97005E6E3F /* 086_D5KM56_M.wav */; };
		95ED8BA71AEA3B97005E6E3F /* 087_D#5KM56_M.wav in Resources */ = {isa = PBXBuildFile; fileRef = 95ED8B501AEA3B97005E6E3F /* 087_D#5KM56_M.wav */; };
		95ED8BA81AEA3B97005E6E3F /* 088_E5KM56_M.wav in Resources */ = {isa = PBXBuildFile; fileRef = 95ED8B511AEA3B97005E6E3F /* 088_E5KM56_M.wav */; };
		95ED8BA91AEA3B97005E6E3F /* 089_F5KM56_M.wav in Resources */ = {isa = PBXBuildFile; fileRef = 95ED8B521AEA3B97005E6E3F /* 089_F5KM56_M.wav */; };
		95ED8BAA1AEA3B97005E6E3F /* 090_F#5KM56_M.wav in Resources */ = {isa = PBXBuildFile; fileRef = 95ED8B531AEA3B97005E6E3F /* 090_F#5KM56_M.wav */; };
		95ED8BAB1AEA3B97005E6E3F /* 091_G5KM56_M.wav in Resources */ = {isa = PBXBuildFile; fileRef = 95ED8B541AEA3B97005E6E3F /* 091_G5KM56_M.wav */; };
		95ED8BAC1AEA3B97005E6E3F /* 092_G#5KM56_M.wav in Resources */ = {isa = PBXBuildFile; fileRef = 95ED8B551AEA3B97005E6E3F /* 092_G#5KM56_M.wav */; };
		95ED8BAD1AEA3B97005E6E3F /* 093_A5KM56_M.wav in Resources */ = {isa = PBXBuildFile; fileRef = 95ED8B561AEA3B97005E6E3F /* 093_A5KM56_M.wav */; };
		95ED8BAE1AEA3B97005E6E3F /* 094_A#5KM56_M.wav in Resources */ = {isa = PBXBuildFile; fileRef = 95ED8B571AEA3B97005E6E3F /* 094_A#5KM56_M.wav */; };
		95ED8BAF1AEA3B97005E6E3F /* 095_B5KM56_M.wav in Resources */ = {isa = PBXBuildFile; fileRef = 95ED8B581AEA3B97005E6E3F /* 095_B5KM56_M.wav */; };
		95ED8BB01AEA3B97005E6E3F /* 096_C6KM56_M.wav in Resources */ = {isa = PBXBuildFile; fileRef = 95ED8B591AEA3B97005E6E3F /* 096_C6KM56_M.wav */; };
		95ED8BB11AEA3B97005E6E3F /* 097_C#6KM56_M.wav in Resources */ = {isa = PBXBuildFile; fileRef = 95ED8B5A1AEA3B97005E6E3F /* 097_C#6KM56_M.wav */; };
		95ED8BB21AEA3B97005E6E3F /* 098_D6KM56_M.wav in Resources */ = {isa = PBXBuildFile; fileRef = 95ED8B5B1AEA3B97005E6E3F /* 098_D6KM56_M.wav */; };
		95ED8BB31AEA3B97005E6E3F /* 099_D#6KM56_M.wav in Resources */ = {isa = PBXBuildFile; fileRef = 95ED8B5C1AEA3B97005E6E3F /* 099_D#6KM56_M.wav */; };
		95ED8BB41AEA3B97005E6E3F /* 100_E6KM56_M.wav in Resources */ = {isa = PBXBuildFile; fileRef = 95ED8B5D1AEA3B97005E6E3F /* 100_E6KM56_M.wav */; };
		95ED8BB51AEA3B97005E6E3F /* 101_F6KM56_M.wav in Resources */ = {isa = PBXBuildFile; fileRef = 95ED8B5E1AEA3B97005E6E3F /* 101_F6KM56_M.wav */; };
		95ED8BB61AEA3B97005E6E3F /* 102_F#6KM56_M.wav in Resources */ = {isa = PBXBuildFile; fileRef = 95ED8B5F1AEA3B97005E6E3F /* 102_F#6KM56_M.wav */; };
		95ED8BB71AEA3B97005E6E3F /* 103_G6KM56_M.wav in Resources */ = {isa = PBXBuildFile; fileRef = 95ED8B601AEA3B97005E6E3F /* 103_G6KM56_M.wav */; };
		95ED8BB81AEA3B97005E6E3F /* 104_G#6KM56_M.wav in Resources */ = {isa = PBXBuildFile; fileRef = 95ED8B611AEA3B97005E6E3F /* 104_G#6KM56_M.wav */; };
		95ED8BB91AEA3B97005E6E3F /* 105_A6KM56_M.wav in Resources */ = {isa = PBXBuildFile; fileRef = 95ED8B621AEA3B97005E6E3F /* 105_A6KM56_M.wav */; };
		95ED8BBA1AEA3B97005E6E3F /* 106_A#6KM56_M.wav in Resources */ = {isa = PBXBuildFile; fileRef = 95ED8B631AEA3B97005E6E3F /* 106_A#6KM56_M.wav */; };
		95ED8BBB1AEA3B97005E6E3F /* 107_B6KM56_M.wav in Resources */ = {isa = PBXBuildFile; fileRef = 95ED8B641AEA3B97005E6E3F /* 107_B6KM56_M.wav */; };
		95ED8BBC1AEA3B97005E6E3F /* 108_C7KM56_M.wav in Resources */ = {isa = PBXBuildFile; fileRef = 95ED8B651AEA3B97005E6E3F /* 108_C7KM56_M.wav */; };
		95ED8BBD1AEA3B97005E6E3F /* XMusicalInstrumentsManager.m in Sources */ = {isa = PBXBuildFile; fileRef = 95ED8B671AEA3B97005E6E3F /* XMusicalInstrumentsManager.m */; };
		95ED8BBF1AEA4620005E6E3F /* XSoundFile.m in Sources */ = {isa = PBXBuildFile; fileRef = 95ED8BBE1AEA4620005E6E3F /* XSoundFile.m */; };
		95ED8BC31AEA4686005E6E3F /* XMusicalInstrument.m in Sources */ = {isa = PBXBuildFile; fileRef = 95ED8BC21AEA4686005E6E3F /* XMusicalInstrument.m */; };
/* End PBXBuildFile section */

/* Begin PBXContainerItemProxy section */
		9589ED191AB34F1B0088FB9C /* PBXContainerItemProxy */ = {
			isa = PBXContainerItemProxy;
			containerPortal = 9589ECF71AB34F1B0088FB9C /* Project object */;
			proxyType = 1;
			remoteGlobalIDString = 9589ECFE1AB34F1B0088FB9C;
			remoteInfo = XMidi;
		};
/* End PBXContainerItemProxy section */

/* Begin PBXFileReference section */
		952B60AE1AB68FD500A87CDB /* 至爱丽丝.mid */ = {isa = PBXFileReference; lastKnownFileType = audio.midi; path = "至爱丽丝.mid"; sourceTree = "<group>"; };
		952B60AF1AB68FD500A87CDB /* Rondeau.mid */ = {isa = PBXFileReference; lastKnownFileType = audio.midi; path = Rondeau.mid; sourceTree = "<group>"; };
		952B60B01AB68FD500A87CDB /* Rondo in C (Op.51. No.1.).mid */ = {isa = PBXFileReference; lastKnownFileType = audio.midi; path = "Rondo in C (Op.51. No.1.).mid"; sourceTree = "<group>"; };
		952B60B11AB68FD500A87CDB /* Sonata No 14 in C#min-1.mid */ = {isa = PBXFileReference; lastKnownFileType = audio.midi; path = "Sonata No 14 in C#min-1.mid"; sourceTree = "<group>"; };
		952B60B21AB68FD500A87CDB /* Sonata No 14 in C#min-3.mid */ = {isa = PBXFileReference; lastKnownFileType = audio.midi; path = "Sonata No 14 in C#min-3.mid"; sourceTree = "<group>"; };
		957E0AA81ABD1BA0002ECC85 /* Sound.fsh */ = {isa = PBXFileReference; fileEncoding = 4; lastKnownFileType = sourcecode.glsl; path = Sound.fsh; sourceTree = "<group>"; };
		957E0AA91ABD1BA0002ECC85 /* XSharderCenter.h */ = {isa = PBXFileReference; fileEncoding = 4; lastKnownFileType = sourcecode.c.h; path = XSharderCenter.h; sourceTree = "<group>"; };
		957E0AAA1ABD1BA0002ECC85 /* XSharderCenter.m */ = {isa = PBXFileReference; fileEncoding = 4; lastKnownFileType = sourcecode.c.objc; path = XSharderCenter.m; sourceTree = "<group>"; };
		9589ECFF1AB34F1B0088FB9C /* XMidi.app */ = {isa = PBXFileReference; explicitFileType = wrapper.application; includeInIndex = 0; path = XMidi.app; sourceTree = BUILT_PRODUCTS_DIR; };
		9589ED031AB34F1B0088FB9C /* Info.plist */ = {isa = PBXFileReference; lastKnownFileType = text.plist.xml; path = Info.plist; sourceTree = "<group>"; };
		9589ED041AB34F1B0088FB9C /* AppDelegate.swift */ = {isa = PBXFileReference; lastKnownFileType = sourcecode.swift; path = AppDelegate.swift; sourceTree = "<group>"; };
		9589ED081AB34F1B0088FB9C /* MusicPlay.swift */ = {isa = PBXFileReference; lastKnownFileType = sourcecode.swift; path = MusicPlay.swift; sourceTree = "<group>"; };
		9589ED0A1AB34F1B0088FB9C /* GameViewController.swift */ = {isa = PBXFileReference; lastKnownFileType = sourcecode.swift; path = GameViewController.swift; sourceTree = "<group>"; };
		9589ED0D1AB34F1B0088FB9C /* Base */ = {isa = PBXFileReference; lastKnownFileType = file.storyboard; name = Base; path = Base.lproj/Main.storyboard; sourceTree = "<group>"; };
		9589ED121AB34F1B0088FB9C /* Base */ = {isa = PBXFileReference; lastKnownFileType = file.xib; name = Base; path = Base.lproj/LaunchScreen.xib; sourceTree = "<group>"; };
		9589ED181AB34F1B0088FB9C /* XMidiTests.xctest */ = {isa = PBXFileReference; explicitFileType = wrapper.cfbundle; includeInIndex = 0; path = XMidiTests.xctest; sourceTree = BUILT_PRODUCTS_DIR; };
		9589ED1D1AB34F1B0088FB9C /* Info.plist */ = {isa = PBXFileReference; lastKnownFileType = text.plist.xml; path = Info.plist; sourceTree = "<group>"; };
		9589ED1E1AB34F1B0088FB9C /* XMidiTests.swift */ = {isa = PBXFileReference; lastKnownFileType = sourcecode.swift; path = XMidiTests.swift; sourceTree = "<group>"; };
		9589ED451AB34FE20088FB9C /* XMidi-Bridging-Header.h */ = {isa = PBXFileReference; fileEncoding = 4; lastKnownFileType = sourcecode.c.h; path = "XMidi-Bridging-Header.h"; sourceTree = SOURCE_ROOT; };
		9589ED4A1AB350460088FB9C /* 埃克赛斯舞曲.mid */ = {isa = PBXFileReference; lastKnownFileType = audio.midi; path = "埃克赛斯舞曲.mid"; sourceTree = "<group>"; };
		9589ED4D1AB350460088FB9C /* 绮想轮旋曲.mid */ = {isa = PBXFileReference; lastKnownFileType = audio.midi; path = "绮想轮旋曲.mid"; sourceTree = "<group>"; };
		9589EE041AB3523A0088FB9C /* XBarButton.swift */ = {isa = PBXFileReference; fileEncoding = 4; lastKnownFileType = sourcecode.swift; path = XBarButton.swift; sourceTree = "<group>"; };
		9589EE131AB360D10088FB9C /* 土耳其进行曲.mid */ = {isa = PBXFileReference; lastKnownFileType = audio.midi; path = "土耳其进行曲.mid"; sourceTree = "<group>"; };
		958C31551AB935C0009A1EA1 /* 铃儿响叮当.mid */ = {isa = PBXFileReference; lastKnownFileType = audio.midi; path = "铃儿响叮当.mid"; sourceTree = "<group>"; };
		958C315C1AB943D9009A1EA1 /* XMidiFile.swift */ = {isa = PBXFileReference; fileEncoding = 4; lastKnownFileType = sourcecode.swift; path = XMidiFile.swift; sourceTree = "<group>"; };
		95A4E2241ABE4CDC00FE6946 /* XProgressBar.swift */ = {isa = PBXFileReference; fileEncoding = 4; lastKnownFileType = sourcecode.swift; path = XProgressBar.swift; sourceTree = "<group>"; };
		95A4E2261ABE500600FE6946 /* XIconButton.swift */ = {isa = PBXFileReference; fileEncoding = 4; lastKnownFileType = sourcecode.swift; path = XIconButton.swift; sourceTree = "<group>"; };
		95AF42151AB4A2DC005C708C /* Sonata No.9 in E-1.mid */ = {isa = PBXFileReference; lastKnownFileType = audio.midi; path = "Sonata No.9 in E-1.mid"; sourceTree = "<group>"; };
		95AF42271AB5EBBC005C708C /* 命运交响曲第一章.mid */ = {isa = PBXFileReference; lastKnownFileType = audio.midi; path = "命运交响曲第一章.mid"; sourceTree = "<group>"; };
		95AF42291AB5FF5D005C708C /* Images.xcassets */ = {isa = PBXFileReference; lastKnownFileType = folder.assetcatalog; path = Images.xcassets; sourceTree = "<group>"; };
		95ED8A241AEA3565005E6E3F /* XFunction.h */ = {isa = PBXFileReference; fileEncoding = 4; lastKnownFileType = sourcecode.c.h; path = XFunction.h; sourceTree = "<group>"; };
		95ED8A251AEA3565005E6E3F /* XFunction.m */ = {isa = PBXFileReference; fileEncoding = 4; lastKnownFileType = sourcecode.c.objc; path = XFunction.m; sourceTree = "<group>"; };
		95ED8A271AEA3565005E6E3F /* XMidiEvent.h */ = {isa = PBXFileReference; fileEncoding = 4; lastKnownFileType = sourcecode.c.h; path = XMidiEvent.h; sourceTree = "<group>"; };
		95ED8A281AEA3565005E6E3F /* XMidiEvent.m */ = {isa = PBXFileReference; fileEncoding = 4; lastKnownFileType = sourcecode.c.objc; path = XMidiEvent.m; sourceTree = "<group>"; };
		95ED8A291AEA3565005E6E3F /* XMidiEventIterator.h */ = {isa = PBXFileReference; fileEncoding = 4; lastKnownFileType = sourcecode.c.h; path = XMidiEventIterator.h; sourceTree = "<group>"; };
		95ED8A2A1AEA3565005E6E3F /* XMidiEventIterator.m */ = {isa = PBXFileReference; fileEncoding = 4; lastKnownFileType = sourcecode.c.objc; path = XMidiEventIterator.m; sourceTree = "<group>"; };
		95ED8A2B1AEA3565005E6E3F /* XMidiNoteMessage.h */ = {isa = PBXFileReference; fileEncoding = 4; lastKnownFileType = sourcecode.c.h; path = XMidiNoteMessage.h; sourceTree = "<group>"; };
		95ED8A2C1AEA3565005E6E3F /* XMidiNoteMessage.m */ = {isa = PBXFileReference; fileEncoding = 4; lastKnownFileType = sourcecode.c.objc; path = XMidiNoteMessage.m; sourceTree = "<group>"; };
		95ED8A2F1AEA3565005E6E3F /* XMidiSequence.h */ = {isa = PBXFileReference; fileEncoding = 4; lastKnownFileType = sourcecode.c.h; path = XMidiSequence.h; sourceTree = "<group>"; };
		95ED8A301AEA3565005E6E3F /* XMidiSequence.m */ = {isa = PBXFileReference; fileEncoding = 4; lastKnownFileType = sourcecode.c.objc; path = XMidiSequence.m; sourceTree = "<group>"; };
		95ED8A311AEA3565005E6E3F /* XMidiTempoEvent.h */ = {isa = PBXFileReference; fileEncoding = 4; lastKnownFileType = sourcecode.c.h; path = XMidiTempoEvent.h; sourceTree = "<group>"; };
		95ED8A321AEA3565005E6E3F /* XMidiTempoEvent.m */ = {isa = PBXFileReference; fileEncoding = 4; lastKnownFileType = sourcecode.c.objc; path = XMidiTempoEvent.m; sourceTree = "<group>"; };
		95ED8A331AEA3565005E6E3F /* XMidiTrack.h */ = {isa = PBXFileReference; fileEncoding = 4; lastKnownFileType = sourcecode.c.h; path = XMidiTrack.h; sourceTree = "<group>"; };
		95ED8A341AEA3565005E6E3F /* XMidiTrack.m */ = {isa = PBXFileReference; fileEncoding = 4; lastKnownFileType = sourcecode.c.objc; path = XMidiTrack.m; sourceTree = "<group>"; };
		95ED8A381AEA3565005E6E3F /* OpenALSupport.c */ = {isa = PBXFileReference; fileEncoding = 4; lastKnownFileType = sourcecode.c.c; path = OpenALSupport.c; sourceTree = "<group>"; };
		95ED8A391AEA3565005E6E3F /* OpenALSupport.h */ = {isa = PBXFileReference; fileEncoding = 4; lastKnownFileType = sourcecode.c.h; path = OpenALSupport.h; sourceTree = "<group>"; };
		95ED8A3A1AEA3565005E6E3F /* XOpenAL.h */ = {isa = PBXFileReference; fileEncoding = 4; lastKnownFileType = sourcecode.c.h; path = XOpenAL.h; sourceTree = "<group>"; };
		95ED8A3B1AEA3565005E6E3F /* XOpenAL.m */ = {isa = PBXFileReference; fileEncoding = 4; lastKnownFileType = sourcecode.c.objc; path = XOpenAL.m; sourceTree = "<group>"; };
		95ED8A3C1AEA3565005E6E3F /* XOpenALPlayer.h */ = {isa = PBXFileReference; fileEncoding = 4; lastKnownFileType = sourcecode.c.h; path = XOpenALPlayer.h; sourceTree = "<group>"; };
		95ED8A3D1AEA3565005E6E3F /* XOpenALPlayer.m */ = {isa = PBXFileReference; fileEncoding = 4; lastKnownFileType = sourcecode.c.objc; path = XOpenALPlayer.m; sourceTree = "<group>"; };
		95ED8AF71AEA365C005E6E3F /* iAppInfos.h */ = {isa = PBXFileReference; fileEncoding = 4; lastKnownFileType = sourcecode.c.h; path = iAppInfos.h; sourceTree = "<group>"; };
		95ED8AF81AEA365C005E6E3F /* iAppInfos.m */ = {isa = PBXFileReference; fileEncoding = 4; lastKnownFileType = sourcecode.c.objc; path = iAppInfos.m; sourceTree = "<group>"; };
		95ED8AF91AEA365C005E6E3F /* JMODevicePowerInfos.h */ = {isa = PBXFileReference; fileEncoding = 4; lastKnownFileType = sourcecode.c.h; path = JMODevicePowerInfos.h; sourceTree = "<group>"; };
		95ED8AFA1AEA365C005E6E3F /* JMODevicePowerInfos.m */ = {isa = PBXFileReference; fileEncoding = 4; lastKnownFileType = sourcecode.c.objc; path = JMODevicePowerInfos.m; sourceTree = "<group>"; };
		95ED8AFB1AEA365C005E6E3F /* JMOLogMacro.h */ = {isa = PBXFileReference; fileEncoding = 4; lastKnownFileType = sourcecode.c.h; path = JMOLogMacro.h; sourceTree = "<group>"; };
		95ED8AFC1AEA365C005E6E3F /* JMOMobileProvisionning.h */ = {isa = PBXFileReference; fileEncoding = 4; lastKnownFileType = sourcecode.c.h; path = JMOMobileProvisionning.h; sourceTree = "<group>"; };
		95ED8AFD1AEA365C005E6E3F /* JMOMobileProvisionning.m */ = {isa = PBXFileReference; fileEncoding = 4; lastKnownFileType = sourcecode.c.objc; path = JMOMobileProvisionning.m; sourceTree = "<group>"; };
		95ED8AFE1AEA365C005E6E3F /* NSDictionary+iAppInfos.h */ = {isa = PBXFileReference; fileEncoding = 4; lastKnownFileType = sourcecode.c.h; path = "NSDictionary+iAppInfos.h"; sourceTree = "<group>"; };
		95ED8AFF1AEA365C005E6E3F /* NSDictionary+iAppInfos.m */ = {isa = PBXFileReference; fileEncoding = 4; lastKnownFileType = sourcecode.c.objc; path = "NSDictionary+iAppInfos.m"; sourceTree = "<group>"; };
		95ED8B001AEA365C005E6E3F /* UIApplication+iAppInfos.h */ = {isa = PBXFileReference; fileEncoding = 4; lastKnownFileType = sourcecode.c.h; path = "UIApplication+iAppInfos.h"; sourceTree = "<group>"; };
		95ED8B011AEA365C005E6E3F /* UIApplication+iAppInfos.m */ = {isa = PBXFileReference; fileEncoding = 4; lastKnownFileType = sourcecode.c.objc; path = "UIApplication+iAppInfos.m"; sourceTree = "<group>"; };
		95ED8B021AEA365C005E6E3F /* UIDevice+iAppInfos.h */ = {isa = PBXFileReference; fileEncoding = 4; lastKnownFileType = sourcecode.c.h; path = "UIDevice+iAppInfos.h"; sourceTree = "<group>"; };
		95ED8B031AEA365C005E6E3F /* UIDevice+iAppInfos.m */ = {isa = PBXFileReference; fileEncoding = 4; lastKnownFileType = sourcecode.c.objc; path = "UIDevice+iAppInfos.m"; sourceTree = "<group>"; };
		95ED8B0B1AEA3A2D005E6E3F /* XMidiPlayer.h */ = {isa = PBXFileReference; fileEncoding = 4; lastKnownFileType = sourcecode.c.h; path = XMidiPlayer.h; sourceTree = "<group>"; };
		95ED8B0C1AEA3A2D005E6E3F /* XMidiPlayer.m */ = {isa = PBXFileReference; fileEncoding = 4; lastKnownFileType = sourcecode.c.objc; path = XMidiPlayer.m; sourceTree = "<group>"; };
		95ED8B111AEA3B96005E6E3F /* 024_C0KM56_M.wav */ = {isa = PBXFileReference; lastKnownFileType = audio.wav; path = 024_C0KM56_M.wav; sourceTree = "<group>"; };
		95ED8B121AEA3B96005E6E3F /* 025_C#0KM56_M.wav */ = {isa = PBXFileReference; lastKnownFileType = audio.wav; path = "025_C#0KM56_M.wav"; sourceTree = "<group>"; };
		95ED8B131AEA3B96005E6E3F /* 026_D0KM56_M.wav */ = {isa = PBXFileReference; lastKnownFileType = audio.wav; path = 026_D0KM56_M.wav; sourceTree = "<group>"; };
		95ED8B141AEA3B96005E6E3F /* 027_D#0KM56_M.wav */ = {isa = PBXFileReference; lastKnownFileType = audio.wav; path = "027_D#0KM56_M.wav"; sourceTree = "<group>"; };
		95ED8B151AEA3B96005E6E3F /* 028_E0KM56_M.wav */ = {isa = PBXFileReference; lastKnownFileType = audio.wav; path = 028_E0KM56_M.wav; sourceTree = "<group>"; };
		95ED8B161AEA3B96005E6E3F /* 029_F0KM56_M.wav */ = {isa = PBXFileReference; lastKnownFileType = audio.wav; path = 029_F0KM56_M.wav; sourceTree = "<group>"; };
		95ED8B171AEA3B96005E6E3F /* 030_F#0KM56_M.wav */ = {isa = PBXFileReference; lastKnownFileType = audio.wav; path = "030_F#0KM56_M.wav"; sourceTree = "<group>"; };
		95ED8B181AEA3B96005E6E3F /* 031_G0KM56_M.wav */ = {isa = PBXFileReference; lastKnownFileType = audio.wav; path = 031_G0KM56_M.wav; sourceTree = "<group>"; };
		95ED8B191AEA3B96005E6E3F /* 032_G#0KM56_M.wav */ = {isa = PBXFileReference; lastKnownFileType = audio.wav; path = "032_G#0KM56_M.wav"; sourceTree = "<group>"; };
		95ED8B1A1AEA3B96005E6E3F /* 033_A0KM56_M.wav */ = {isa = PBXFileReference; lastKnownFileType = audio.wav; path = 033_A0KM56_M.wav; sourceTree = "<group>"; };
		95ED8B1B1AEA3B96005E6E3F /* 034_A#0KM56_M.wav */ = {isa = PBXFileReference; lastKnownFileType = audio.wav; path = "034_A#0KM56_M.wav"; sourceTree = "<group>"; };
		95ED8B1C1AEA3B96005E6E3F /* 035_B0KM56_M.wav */ = {isa = PBXFileReference; lastKnownFileType = audio.wav; path = 035_B0KM56_M.wav; sourceTree = "<group>"; };
		95ED8B1D1AEA3B96005E6E3F /* 036_C1KM56_M.wav */ = {isa = PBXFileReference; lastKnownFileType = audio.wav; path = 036_C1KM56_M.wav; sourceTree = "<group>"; };
		95ED8B1E1AEA3B96005E6E3F /* 037_C#1KM56_M.wav */ = {isa = PBXFileReference; lastKnownFileType = audio.wav; path = "037_C#1KM56_M.wav"; sourceTree = "<group>"; };
		95ED8B1F1AEA3B96005E6E3F /* 038_D1KM56_M.wav */ = {isa = PBXFileReference; lastKnownFileType = audio.wav; path = 038_D1KM56_M.wav; sourceTree = "<group>"; };
		95ED8B201AEA3B96005E6E3F /* 039_D#1KM56_M.wav */ = {isa = PBXFileReference; lastKnownFileType = audio.wav; path = "039_D#1KM56_M.wav"; sourceTree = "<group>"; };
		95ED8B211AEA3B96005E6E3F /* 040_E1KM56_M.wav */ = {isa = PBXFileReference; lastKnownFileType = audio.wav; path = 040_E1KM56_M.wav; sourceTree = "<group>"; };
		95ED8B221AEA3B96005E6E3F /* 041_F1KM56_M.wav */ = {isa = PBXFileReference; lastKnownFileType = audio.wav; path = 041_F1KM56_M.wav; sourceTree = "<group>"; };
		95ED8B231AEA3B96005E6E3F /* 042_F#1KM56_M.wav */ = {isa = PBXFileReference; lastKnownFileType = audio.wav; path = "042_F#1KM56_M.wav"; sourceTree = "<group>"; };
		95ED8B241AEA3B96005E6E3F /* 043_G1KM56_M.wav */ = {isa = PBXFileReference; lastKnownFileType = audio.wav; path = 043_G1KM56_M.wav; sourceTree = "<group>"; };
		95ED8B251AEA3B96005E6E3F /* 044_G#1KM56_M.wav */ = {isa = PBXFileReference; lastKnownFileType = audio.wav; path = "044_G#1KM56_M.wav"; sourceTree = "<group>"; };
		95ED8B261AEA3B96005E6E3F /* 045_A1KM56_M.wav */ = {isa = PBXFileReference; lastKnownFileType = audio.wav; path = 045_A1KM56_M.wav; sourceTree = "<group>"; };
		95ED8B271AEA3B96005E6E3F /* 046_A#1KM56_M.wav */ = {isa = PBXFileReference; lastKnownFileType = audio.wav; path = "046_A#1KM56_M.wav"; sourceTree = "<group>"; };
		95ED8B281AEA3B96005E6E3F /* 047_B1KM56_M.wav */ = {isa = PBXFileReference; lastKnownFileType = audio.wav; path = 047_B1KM56_M.wav; sourceTree = "<group>"; };
		95ED8B291AEA3B96005E6E3F /* 048_C2KM56_M.wav */ = {isa = PBXFileReference; lastKnownFileType = audio.wav; path = 048_C2KM56_M.wav; sourceTree = "<group>"; };
		95ED8B2A1AEA3B96005E6E3F /* 049_C#2KM56_M.wav */ = {isa = PBXFileReference; lastKnownFileType = audio.wav; path = "049_C#2KM56_M.wav"; sourceTree = "<group>"; };
		95ED8B2B1AEA3B96005E6E3F /* 050_D2KM56_M.wav */ = {isa = PBXFileReference; lastKnownFileType = audio.wav; path = 050_D2KM56_M.wav; sourceTree = "<group>"; };
		95ED8B2C1AEA3B96005E6E3F /* 051_D#2KM56_M.wav */ = {isa = PBXFileReference; lastKnownFileType = audio.wav; path = "051_D#2KM56_M.wav"; sourceTree = "<group>"; };
		95ED8B2D1AEA3B96005E6E3F /* 052_E2KM56_M.wav */ = {isa = PBXFileReference; lastKnownFileType = audio.wav; path = 052_E2KM56_M.wav; sourceTree = "<group>"; };
		95ED8B2E1AEA3B96005E6E3F /* 053_F2KM56_M.wav */ = {isa = PBXFileReference; lastKnownFileType = audio.wav; path = 053_F2KM56_M.wav; sourceTree = "<group>"; };
		95ED8B2F1AEA3B96005E6E3F /* 054_F#2KM56_M.wav */ = {isa = PBXFileReference; lastKnownFileType = audio.wav; path = "054_F#2KM56_M.wav"; sourceTree = "<group>"; };
		95ED8B301AEA3B96005E6E3F /* 055_G2KM56_M.wav */ = {isa = PBXFileReference; lastKnownFileType = audio.wav; path = 055_G2KM56_M.wav; sourceTree = "<group>"; };
		95ED8B311AEA3B96005E6E3F /* 056_G#2KM56_M.wav */ = {isa = PBXFileReference; lastKnownFileType = audio.wav; path = "056_G#2KM56_M.wav"; sourceTree = "<group>"; };
		95ED8B321AEA3B96005E6E3F /* 057_A2KM56_M.wav */ = {isa = PBXFileReference; lastKnownFileType = audio.wav; path = 057_A2KM56_M.wav; sourceTree = "<group>"; };
		95ED8B331AEA3B97005E6E3F /* 058_A#2KM56_M.wav */ = {isa = PBXFileReference; lastKnownFileType = audio.wav; path = "058_A#2KM56_M.wav"; sourceTree = "<group>"; };
		95ED8B341AEA3B97005E6E3F /* 059_B2KM56_M.wav */ = {isa = PBXFileReference; lastKnownFileType = audio.wav; path = 059_B2KM56_M.wav; sourceTree = "<group>"; };
		95ED8B351AEA3B97005E6E3F /* 060_C3KM56_M.wav */ = {isa = PBXFileReference; lastKnownFileType = audio.wav; path = 060_C3KM56_M.wav; sourceTree = "<group>"; };
		95ED8B361AEA3B97005E6E3F /* 061_C#3KM56_M.wav */ = {isa = PBXFileReference; lastKnownFileType = audio.wav; path = "061_C#3KM56_M.wav"; sourceTree = "<group>"; };
		95ED8B371AEA3B97005E6E3F /* 062_D3KM56_M.wav */ = {isa = PBXFileReference; lastKnownFileType = audio.wav; path = 062_D3KM56_M.wav; sourceTree = "<group>"; };
		95ED8B381AEA3B97005E6E3F /* 063_D#3KM56_M.wav */ = {isa = PBXFileReference; lastKnownFileType = audio.wav; path = "063_D#3KM56_M.wav"; sourceTree = "<group>"; };
		95ED8B391AEA3B97005E6E3F /* 064_E3KM56_M.wav */ = {isa = PBXFileReference; lastKnownFileType = audio.wav; path = 064_E3KM56_M.wav; sourceTree = "<group>"; };
		95ED8B3A1AEA3B97005E6E3F /* 065_F3KM56_M.wav */ = {isa = PBXFileReference; lastKnownFileType = audio.wav; path = 065_F3KM56_M.wav; sourceTree = "<group>"; };
		95ED8B3B1AEA3B97005E6E3F /* 066_F#3KM56_M.wav */ = {isa = PBXFileReference; lastKnownFileType = audio.wav; path = "066_F#3KM56_M.wav"; sourceTree = "<group>"; };
		95ED8B3C1AEA3B97005E6E3F /* 067_G3KM56_M.wav */ = {isa = PBXFileReference; lastKnownFileType = audio.wav; path = 067_G3KM56_M.wav; sourceTree = "<group>"; };
		95ED8B3D1AEA3B97005E6E3F /* 068_G#3KM56_M.wav */ = {isa = PBXFileReference; lastKnownFileType = audio.wav; path = "068_G#3KM56_M.wav"; sourceTree = "<group>"; };
		95ED8B3E1AEA3B97005E6E3F /* 069_A3KM56_M.wav */ = {isa = PBXFileReference; lastKnownFileType = audio.wav; path = 069_A3KM56_M.wav; sourceTree = "<group>"; };
		95ED8B3F1AEA3B97005E6E3F /* 070_A#3KM56_M.wav */ = {isa = PBXFileReference; lastKnownFileType = audio.wav; path = "070_A#3KM56_M.wav"; sourceTree = "<group>"; };
		95ED8B401AEA3B97005E6E3F /* 071_B3KM56_M.wav */ = {isa = PBXFileReference; lastKnownFileType = audio.wav; path = 071_B3KM56_M.wav; sourceTree = "<group>"; };
		95ED8B411AEA3B97005E6E3F /* 072_C4KM56_M.wav */ = {isa = PBXFileReference; lastKnownFileType = audio.wav; path = 072_C4KM56_M.wav; sourceTree = "<group>"; };
		95ED8B421AEA3B97005E6E3F /* 073_C#4KM56_M.wav */ = {isa = PBXFileReference; lastKnownFileType = audio.wav; path = "073_C#4KM56_M.wav"; sourceTree = "<group>"; };
		95ED8B431AEA3B97005E6E3F /* 074_D4KM56_M.wav */ = {isa = PBXFileReference; lastKnownFileType = audio.wav; path = 074_D4KM56_M.wav; sourceTree = "<group>"; };
		95ED8B441AEA3B97005E6E3F /* 075_D#4KM56_M.wav */ = {isa = PBXFileReference; lastKnownFileType = audio.wav; path = "075_D#4KM56_M.wav"; sourceTree = "<group>"; };
		95ED8B451AEA3B97005E6E3F /* 076_E4KM56_M.wav */ = {isa = PBXFileReference; lastKnownFileType = audio.wav; path = 076_E4KM56_M.wav; sourceTree = "<group>"; };
		95ED8B461AEA3B97005E6E3F /* 077_F4KM56_M.wav */ = {isa = PBXFileReference; lastKnownFileType = audio.wav; path = 077_F4KM56_M.wav; sourceTree = "<group>"; };
		95ED8B471AEA3B97005E6E3F /* 078_F#4KM56_M.wav */ = {isa = PBXFileReference; lastKnownFileType = audio.wav; path = "078_F#4KM56_M.wav"; sourceTree = "<group>"; };
		95ED8B481AEA3B97005E6E3F /* 079_G4KM56_M.wav */ = {isa = PBXFileReference; lastKnownFileType = audio.wav; path = 079_G4KM56_M.wav; sourceTree = "<group>"; };
		95ED8B491AEA3B97005E6E3F /* 080_G#4KM56_M.wav */ = {isa = PBXFileReference; lastKnownFileType = audio.wav; path = "080_G#4KM56_M.wav"; sourceTree = "<group>"; };
		95ED8B4A1AEA3B97005E6E3F /* 081_A4KM56_M.wav */ = {isa = PBXFileReference; lastKnownFileType = audio.wav; path = 081_A4KM56_M.wav; sourceTree = "<group>"; };
		95ED8B4B1AEA3B97005E6E3F /* 082_A#4KM56_M.wav */ = {isa = PBXFileReference; lastKnownFileType = audio.wav; path = "082_A#4KM56_M.wav"; sourceTree = "<group>"; };
		95ED8B4C1AEA3B97005E6E3F /* 083_B4KM56_M.wav */ = {isa = PBXFileReference; lastKnownFileType = audio.wav; path = 083_B4KM56_M.wav; sourceTree = "<group>"; };
		95ED8B4D1AEA3B97005E6E3F /* 084_C5KM56_M.wav */ = {isa = PBXFileReference; lastKnownFileType = audio.wav; path = 084_C5KM56_M.wav; sourceTree = "<group>"; };
		95ED8B4E1AEA3B97005E6E3F /* 085_C#5KM56_M.wav */ = {isa = PBXFileReference; lastKnownFileType = audio.wav; path = "085_C#5KM56_M.wav"; sourceTree = "<group>"; };
		95ED8B4F1AEA3B97005E6E3F /* 086_D5KM56_M.wav */ = {isa = PBXFileReference; lastKnownFileType = audio.wav; path = 086_D5KM56_M.wav; sourceTree = "<group>"; };
		95ED8B501AEA3B97005E6E3F /* 087_D#5KM56_M.wav */ = {isa = PBXFileReference; lastKnownFileType = audio.wav; path = "087_D#5KM56_M.wav"; sourceTree = "<group>"; };
		95ED8B511AEA3B97005E6E3F /* 088_E5KM56_M.wav */ = {isa = PBXFileReference; lastKnownFileType = audio.wav; path = 088_E5KM56_M.wav; sourceTree = "<group>"; };
		95ED8B521AEA3B97005E6E3F /* 089_F5KM56_M.wav */ = {isa = PBXFileReference; lastKnownFileType = audio.wav; path = 089_F5KM56_M.wav; sourceTree = "<group>"; };
		95ED8B531AEA3B97005E6E3F /* 090_F#5KM56_M.wav */ = {isa = PBXFileReference; lastKnownFileType = audio.wav; path = "090_F#5KM56_M.wav"; sourceTree = "<group>"; };
		95ED8B541AEA3B97005E6E3F /* 091_G5KM56_M.wav */ = {isa = PBXFileReference; lastKnownFileType = audio.wav; path = 091_G5KM56_M.wav; sourceTree = "<group>"; };
		95ED8B551AEA3B97005E6E3F /* 092_G#5KM56_M.wav */ = {isa = PBXFileReference; lastKnownFileType = audio.wav; path = "092_G#5KM56_M.wav"; sourceTree = "<group>"; };
		95ED8B561AEA3B97005E6E3F /* 093_A5KM56_M.wav */ = {isa = PBXFileReference; lastKnownFileType = audio.wav; path = 093_A5KM56_M.wav; sourceTree = "<group>"; };
		95ED8B571AEA3B97005E6E3F /* 094_A#5KM56_M.wav */ = {isa = PBXFileReference; lastKnownFileType = audio.wav; path = "094_A#5KM56_M.wav"; sourceTree = "<group>"; };
		95ED8B581AEA3B97005E6E3F /* 095_B5KM56_M.wav */ = {isa = PBXFileReference; lastKnownFileType = audio.wav; path = 095_B5KM56_M.wav; sourceTree = "<group>"; };
		95ED8B591AEA3B97005E6E3F /* 096_C6KM56_M.wav */ = {isa = PBXFileReference; lastKnownFileType = audio.wav; path = 096_C6KM56_M.wav; sourceTree = "<group>"; };
		95ED8B5A1AEA3B97005E6E3F /* 097_C#6KM56_M.wav */ = {isa = PBXFileReference; lastKnownFileType = audio.wav; path = "097_C#6KM56_M.wav"; sourceTree = "<group>"; };
		95ED8B5B1AEA3B97005E6E3F /* 098_D6KM56_M.wav */ = {isa = PBXFileReference; lastKnownFileType = audio.wav; path = 098_D6KM56_M.wav; sourceTree = "<group>"; };
		95ED8B5C1AEA3B97005E6E3F /* 099_D#6KM56_M.wav */ = {isa = PBXFileReference; lastKnownFileType = audio.wav; path = "099_D#6KM56_M.wav"; sourceTree = "<group>"; };
		95ED8B5D1AEA3B97005E6E3F /* 100_E6KM56_M.wav */ = {isa = PBXFileReference; lastKnownFileType = audio.wav; path = 100_E6KM56_M.wav; sourceTree = "<group>"; };
		95ED8B5E1AEA3B97005E6E3F /* 101_F6KM56_M.wav */ = {isa = PBXFileReference; lastKnownFileType = audio.wav; path = 101_F6KM56_M.wav; sourceTree = "<group>"; };
		95ED8B5F1AEA3B97005E6E3F /* 102_F#6KM56_M.wav */ = {isa = PBXFileReference; lastKnownFileType = audio.wav; path = "102_F#6KM56_M.wav"; sourceTree = "<group>"; };
		95ED8B601AEA3B97005E6E3F /* 103_G6KM56_M.wav */ = {isa = PBXFileReference; lastKnownFileType = audio.wav; path = 103_G6KM56_M.wav; sourceTree = "<group>"; };
		95ED8B611AEA3B97005E6E3F /* 104_G#6KM56_M.wav */ = {isa = PBXFileReference; lastKnownFileType = audio.wav; path = "104_G#6KM56_M.wav"; sourceTree = "<group>"; };
		95ED8B621AEA3B97005E6E3F /* 105_A6KM56_M.wav */ = {isa = PBXFileReference; lastKnownFileType = audio.wav; path = 105_A6KM56_M.wav; sourceTree = "<group>"; };
		95ED8B631AEA3B97005E6E3F /* 106_A#6KM56_M.wav */ = {isa = PBXFileReference; lastKnownFileType = audio.wav; path = "106_A#6KM56_M.wav"; sourceTree = "<group>"; };
		95ED8B641AEA3B97005E6E3F /* 107_B6KM56_M.wav */ = {isa = PBXFileReference; lastKnownFileType = audio.wav; path = 107_B6KM56_M.wav; sourceTree = "<group>"; };
		95ED8B651AEA3B97005E6E3F /* 108_C7KM56_M.wav */ = {isa = PBXFileReference; lastKnownFileType = audio.wav; path = 108_C7KM56_M.wav; sourceTree = "<group>"; };
		95ED8B661AEA3B97005E6E3F /* XMusicalInstrumentsManager.h */ = {isa = PBXFileReference; fileEncoding = 4; lastKnownFileType = sourcecode.c.h; path = XMusicalInstrumentsManager.h; sourceTree = "<group>"; };
		95ED8B671AEA3B97005E6E3F /* XMusicalInstrumentsManager.m */ = {isa = PBXFileReference; fileEncoding = 4; lastKnownFileType = sourcecode.c.objc; path = XMusicalInstrumentsManager.m; sourceTree = "<group>"; };
		95ED8BBE1AEA4620005E6E3F /* XSoundFile.m */ = {isa = PBXFileReference; fileEncoding = 4; lastKnownFileType = sourcecode.c.objc; path = XSoundFile.m; sourceTree = "<group>"; };
		95ED8BC01AEA462C005E6E3F /* XSoundFile.h */ = {isa = PBXFileReference; lastKnownFileType = sourcecode.c.h; path = XSoundFile.h; sourceTree = "<group>"; };
		95ED8BC11AEA467A005E6E3F /* XMusicalInstrument.h */ = {isa = PBXFileReference; lastKnownFileType = sourcecode.c.h; path = XMusicalInstrument.h; sourceTree = "<group>"; };
		95ED8BC21AEA4686005E6E3F /* XMusicalInstrument.m */ = {isa = PBXFileReference; fileEncoding = 4; lastKnownFileType = sourcecode.c.objc; path = XMusicalInstrument.m; sourceTree = "<group>"; };
/* End PBXFileReference section */

/* Begin PBXFrameworksBuildPhase section */
		9589ECFC1AB34F1B0088FB9C /* Frameworks */ = {
			isa = PBXFrameworksBuildPhase;
			buildActionMask = 2147483647;
			files = (
			);
			runOnlyForDeploymentPostprocessing = 0;
		};
		9589ED151AB34F1B0088FB9C /* Frameworks */ = {
			isa = PBXFrameworksBuildPhase;
			buildActionMask = 2147483647;
			files = (
			);
			runOnlyForDeploymentPostprocessing = 0;
		};
/* End PBXFrameworksBuildPhase section */

/* Begin PBXGroup section */
		957E0AA61ABD1BA0002ECC85 /* XShader */ = {
			isa = PBXGroup;
			children = (
				957E0AA71ABD1BA0002ECC85 /* XShaderFile */,
				957E0AA91ABD1BA0002ECC85 /* XSharderCenter.h */,
				957E0AAA1ABD1BA0002ECC85 /* XSharderCenter.m */,
			);
			path = XShader;
			sourceTree = "<group>";
		};
		957E0AA71ABD1BA0002ECC85 /* XShaderFile */ = {
			isa = PBXGroup;
			children = (
				957E0AA81ABD1BA0002ECC85 /* Sound.fsh */,
			);
			path = XShaderFile;
			sourceTree = "<group>";
		};
		9589ECF61AB34F1B0088FB9C = {
			isa = PBXGroup;
			children = (
				95ED8A221AEA3565005E6E3F /* XMidiLib */,
				9589ED291AB34FDB0088FB9C /* ObjC */,
				9589ED011AB34F1B0088FB9C /* XMidi */,
				9589ED1B1AB34F1B0088FB9C /* XMidiTests */,
				9589ED001AB34F1B0088FB9C /* Products */,
			);
			sourceTree = "<group>";
		};
		9589ED001AB34F1B0088FB9C /* Products */ = {
			isa = PBXGroup;
			children = (
				9589ECFF1AB34F1B0088FB9C /* XMidi.app */,
				9589ED181AB34F1B0088FB9C /* XMidiTests.xctest */,
			);
			name = Products;
			sourceTree = "<group>";
		};
		9589ED011AB34F1B0088FB9C /* XMidi */ = {
			isa = PBXGroup;
			children = (
				958C315F1AB9440C009A1EA1 /* App */,
				958C315E1AB943EB009A1EA1 /* Demo */,
				95AF42291AB5FF5D005C708C /* Images.xcassets */,
				9589ED461AB350460088FB9C /* Resource */,
			);
			path = XMidi;
			sourceTree = "<group>";
		};
		9589ED021AB34F1B0088FB9C /* Supporting Files */ = {
			isa = PBXGroup;
			children = (
				9589ED031AB34F1B0088FB9C /* Info.plist */,
			);
			name = "Supporting Files";
			sourceTree = "<group>";
		};
		9589ED1B1AB34F1B0088FB9C /* XMidiTests */ = {
			isa = PBXGroup;
			children = (
				9589ED1E1AB34F1B0088FB9C /* XMidiTests.swift */,
				9589ED1C1AB34F1B0088FB9C /* Supporting Files */,
			);
			path = XMidiTests;
			sourceTree = "<group>";
		};
		9589ED1C1AB34F1B0088FB9C /* Supporting Files */ = {
			isa = PBXGroup;
			children = (
				9589ED1D1AB34F1B0088FB9C /* Info.plist */,
			);
			name = "Supporting Files";
			sourceTree = "<group>";
		};
		9589ED291AB34FDB0088FB9C /* ObjC */ = {
			isa = PBXGroup;
			children = (
				95ED8AF61AEA365C005E6E3F /* iAppInfos */,
				957E0AA61ABD1BA0002ECC85 /* XShader */,
				9589ED451AB34FE20088FB9C /* XMidi-Bridging-Header.h */,
			);
			path = ObjC;
			sourceTree = "<group>";
		};
		9589ED461AB350460088FB9C /* Resource */ = {
			isa = PBXGroup;
			children = (
				9589ED471AB350460088FB9C /* Midi */,
			);
			path = Resource;
			sourceTree = "<group>";
		};
		9589ED471AB350460088FB9C /* Midi */ = {
			isa = PBXGroup;
			children = (
				9589EE151AB361BF0088FB9C /* 其他 */,
				9589EE111AB360D10088FB9C /* 莫扎特 */,
				9589ED481AB350460088FB9C /* 贝多芬 */,
			);
			path = Midi;
			sourceTree = "<group>";
		};
		9589ED481AB350460088FB9C /* 贝多芬 */ = {
			isa = PBXGroup;
			children = (
				95AF42261AB5EBBC005C708C /* 交响乐 */,
				9589ED491AB350460088FB9C /* 合奏 */,
				9589ED4B1AB350460088FB9C /* 钢琴 */,
			);
			path = "贝多芬";
			sourceTree = "<group>";
		};
		9589ED491AB350460088FB9C /* 合奏 */ = {
			isa = PBXGroup;
			children = (
				9589ED4A1AB350460088FB9C /* 埃克赛斯舞曲.mid */,
			);
			path = "合奏";
			sourceTree = "<group>";
		};
		9589ED4B1AB350460088FB9C /* 钢琴 */ = {
			isa = PBXGroup;
			children = (
				952B60AE1AB68FD500A87CDB /* 至爱丽丝.mid */,
				952B60AF1AB68FD500A87CDB /* Rondeau.mid */,
				952B60B01AB68FD500A87CDB /* Rondo in C (Op.51. No.1.).mid */,
				952B60B11AB68FD500A87CDB /* Sonata No 14 in C#min-1.mid */,
				952B60B21AB68FD500A87CDB /* Sonata No 14 in C#min-3.mid */,
				95AF42151AB4A2DC005C708C /* Sonata No.9 in E-1.mid */,
				9589ED4D1AB350460088FB9C /* 绮想轮旋曲.mid */,
			);
			path = "钢琴";
			sourceTree = "<group>";
		};
		9589EE111AB360D10088FB9C /* 莫扎特 */ = {
			isa = PBXGroup;
			children = (
				9589EE121AB360D10088FB9C /* 钢琴 */,
			);
			path = "莫扎特";
			sourceTree = "<group>";
		};
		9589EE121AB360D10088FB9C /* 钢琴 */ = {
			isa = PBXGroup;
			children = (
				9589EE131AB360D10088FB9C /* 土耳其进行曲.mid */,
			);
			path = "钢琴";
			sourceTree = "<group>";
		};
		9589EE151AB361BF0088FB9C /* 其他 */ = {
			isa = PBXGroup;
			children = (
				958C31521AB93580009A1EA1 /* 交响乐 */,
				9589EE161AB361BF0088FB9C /* 钢琴 */,
			);
			path = "其他";
			sourceTree = "<group>";
		};
		9589EE161AB361BF0088FB9C /* 钢琴 */ = {
			isa = PBXGroup;
			children = (
			);
			path = "钢琴";
			sourceTree = "<group>";
		};
		958C31521AB93580009A1EA1 /* 交响乐 */ = {
			isa = PBXGroup;
			children = (
				958C31551AB935C0009A1EA1 /* 铃儿响叮当.mid */,
			);
			path = "交响乐";
			sourceTree = "<group>";
		};
		958C315E1AB943EB009A1EA1 /* Demo */ = {
			isa = PBXGroup;
			children = (
				95A4E2261ABE500600FE6946 /* XIconButton.swift */,
				9589EE041AB3523A0088FB9C /* XBarButton.swift */,
				95A4E2241ABE4CDC00FE6946 /* XProgressBar.swift */,
				958C315C1AB943D9009A1EA1 /* XMidiFile.swift */,
				9589ED081AB34F1B0088FB9C /* MusicPlay.swift */,
			);
			name = Demo;
			sourceTree = "<group>";
		};
		958C315F1AB9440C009A1EA1 /* App */ = {
			isa = PBXGroup;
			children = (
				9589ED0A1AB34F1B0088FB9C /* GameViewController.swift */,
				9589ED041AB34F1B0088FB9C /* AppDelegate.swift */,
				9589ED0C1AB34F1B0088FB9C /* Main.storyboard */,
				9589ED111AB34F1B0088FB9C /* LaunchScreen.xib */,
				9589ED021AB34F1B0088FB9C /* Supporting Files */,
			);
			name = App;
			sourceTree = "<group>";
		};
		95AF42261AB5EBBC005C708C /* 交响乐 */ = {
			isa = PBXGroup;
			children = (
				95AF42271AB5EBBC005C708C /* 命运交响曲第一章.mid */,
			);
			path = "交响乐";
			sourceTree = "<group>";
		};
		95ED8A221AEA3565005E6E3F /* XMidiLib */ = {
			isa = PBXGroup;
			children = (
				95ED8B0E1AEA3B96005E6E3F /* Sound */,
				95ED8B0A1AEA3A2D005E6E3F /* Player */,
				95ED8A231AEA3565005E6E3F /* Data */,
				95ED8A261AEA3565005E6E3F /* MIDI */,
				95ED8A371AEA3565005E6E3F /* OpenAL */,
			);
			path = XMidiLib;
			sourceTree = "<group>";
		};
		95ED8A231AEA3565005E6E3F /* Data */ = {
			isa = PBXGroup;
			children = (
				95ED8A241AEA3565005E6E3F /* XFunction.h */,
				95ED8A251AEA3565005E6E3F /* XFunction.m */,
			);
			path = Data;
			sourceTree = "<group>";
		};
		95ED8A261AEA3565005E6E3F /* MIDI */ = {
			isa = PBXGroup;
			children = (
				95ED8A271AEA3565005E6E3F /* XMidiEvent.h */,
				95ED8A281AEA3565005E6E3F /* XMidiEvent.m */,
				95ED8A291AEA3565005E6E3F /* XMidiEventIterator.h */,
				95ED8A2A1AEA3565005E6E3F /* XMidiEventIterator.m */,
				95ED8A2B1AEA3565005E6E3F /* XMidiNoteMessage.h */,
				95ED8A2C1AEA3565005E6E3F /* XMidiNoteMessage.m */,
				95ED8A2F1AEA3565005E6E3F /* XMidiSequence.h */,
				95ED8A301AEA3565005E6E3F /* XMidiSequence.m */,
				95ED8A311AEA3565005E6E3F /* XMidiTempoEvent.h */,
				95ED8A321AEA3565005E6E3F /* XMidiTempoEvent.m */,
				95ED8A331AEA3565005E6E3F /* XMidiTrack.h */,
				95ED8A341AEA3565005E6E3F /* XMidiTrack.m */,
			);
			path = MIDI;
			sourceTree = "<group>";
		};
		95ED8A371AEA3565005E6E3F /* OpenAL */ = {
			isa = PBXGroup;
			children = (
				95ED8A381AEA3565005E6E3F /* OpenALSupport.c */,
				95ED8A391AEA3565005E6E3F /* OpenALSupport.h */,
				95ED8A3A1AEA3565005E6E3F /* XOpenAL.h */,
				95ED8A3B1AEA3565005E6E3F /* XOpenAL.m */,
				95ED8A3C1AEA3565005E6E3F /* XOpenALPlayer.h */,
				95ED8A3D1AEA3565005E6E3F /* XOpenALPlayer.m */,
			);
			path = OpenAL;
			sourceTree = "<group>";
		};
		95ED8AF61AEA365C005E6E3F /* iAppInfos */ = {
			isa = PBXGroup;
			children = (
				95ED8AF71AEA365C005E6E3F /* iAppInfos.h */,
				95ED8AF81AEA365C005E6E3F /* iAppInfos.m */,
				95ED8AF91AEA365C005E6E3F /* JMODevicePowerInfos.h */,
				95ED8AFA1AEA365C005E6E3F /* JMODevicePowerInfos.m */,
				95ED8AFB1AEA365C005E6E3F /* JMOLogMacro.h */,
				95ED8AFC1AEA365C005E6E3F /* JMOMobileProvisionning.h */,
				95ED8AFD1AEA365C005E6E3F /* JMOMobileProvisionning.m */,
				95ED8AFE1AEA365C005E6E3F /* NSDictionary+iAppInfos.h */,
				95ED8AFF1AEA365C005E6E3F /* NSDictionary+iAppInfos.m */,
				95ED8B001AEA365C005E6E3F /* UIApplication+iAppInfos.h */,
				95ED8B011AEA365C005E6E3F /* UIApplication+iAppInfos.m */,
				95ED8B021AEA365C005E6E3F /* UIDevice+iAppInfos.h */,
				95ED8B031AEA365C005E6E3F /* UIDevice+iAppInfos.m */,
			);
			path = iAppInfos;
			sourceTree = "<group>";
		};
		95ED8B0A1AEA3A2D005E6E3F /* Player */ = {
			isa = PBXGroup;
			children = (
				95ED8B0B1AEA3A2D005E6E3F /* XMidiPlayer.h */,
				95ED8B0C1AEA3A2D005E6E3F /* XMidiPlayer.m */,
			);
			path = Player;
			sourceTree = "<group>";
		};
		95ED8B0E1AEA3B96005E6E3F /* Sound */ = {
			isa = PBXGroup;
			children = (
				95ED8B0F1AEA3B96005E6E3F /* Resource */,
				95ED8B661AEA3B97005E6E3F /* XMusicalInstrumentsManager.h */,
				95ED8B671AEA3B97005E6E3F /* XMusicalInstrumentsManager.m */,
				95ED8BC11AEA467A005E6E3F /* XMusicalInstrument.h */,
				95ED8BC21AEA4686005E6E3F /* XMusicalInstrument.m */,
				95ED8BC01AEA462C005E6E3F /* XSoundFile.h */,
				95ED8BBE1AEA4620005E6E3F /* XSoundFile.m */,
			);
			path = Sound;
			sourceTree = "<group>";
		};
		95ED8B0F1AEA3B96005E6E3F /* Resource */ = {
			isa = PBXGroup;
			children = (
				95ED8B101AEA3B96005E6E3F /* Yamaha Grand Piano */,
			);
			path = Resource;
			sourceTree = "<group>";
		};
		95ED8B101AEA3B96005E6E3F /* Yamaha Grand Piano */ = {
			isa = PBXGroup;
			children = (
				95ED8B111AEA3B96005E6E3F /* 024_C0KM56_M.wav */,
				95ED8B121AEA3B96005E6E3F /* 025_C#0KM56_M.wav */,
				95ED8B131AEA3B96005E6E3F /* 026_D0KM56_M.wav */,
				95ED8B141AEA3B96005E6E3F /* 027_D#0KM56_M.wav */,
				95ED8B151AEA3B96005E6E3F /* 028_E0KM56_M.wav */,
				95ED8B161AEA3B96005E6E3F /* 029_F0KM56_M.wav */,
				95ED8B171AEA3B96005E6E3F /* 030_F#0KM56_M.wav */,
				95ED8B181AEA3B96005E6E3F /* 031_G0KM56_M.wav */,
				95ED8B191AEA3B96005E6E3F /* 032_G#0KM56_M.wav */,
				95ED8B1A1AEA3B96005E6E3F /* 033_A0KM56_M.wav */,
				95ED8B1B1AEA3B96005E6E3F /* 034_A#0KM56_M.wav */,
				95ED8B1C1AEA3B96005E6E3F /* 035_B0KM56_M.wav */,
				95ED8B1D1AEA3B96005E6E3F /* 036_C1KM56_M.wav */,
				95ED8B1E1AEA3B96005E6E3F /* 037_C#1KM56_M.wav */,
				95ED8B1F1AEA3B96005E6E3F /* 038_D1KM56_M.wav */,
				95ED8B201AEA3B96005E6E3F /* 039_D#1KM56_M.wav */,
				95ED8B211AEA3B96005E6E3F /* 040_E1KM56_M.wav */,
				95ED8B221AEA3B96005E6E3F /* 041_F1KM56_M.wav */,
				95ED8B231AEA3B96005E6E3F /* 042_F#1KM56_M.wav */,
				95ED8B241AEA3B96005E6E3F /* 043_G1KM56_M.wav */,
				95ED8B251AEA3B96005E6E3F /* 044_G#1KM56_M.wav */,
				95ED8B261AEA3B96005E6E3F /* 045_A1KM56_M.wav */,
				95ED8B271AEA3B96005E6E3F /* 046_A#1KM56_M.wav */,
				95ED8B281AEA3B96005E6E3F /* 047_B1KM56_M.wav */,
				95ED8B291AEA3B96005E6E3F /* 048_C2KM56_M.wav */,
				95ED8B2A1AEA3B96005E6E3F /* 049_C#2KM56_M.wav */,
				95ED8B2B1AEA3B96005E6E3F /* 050_D2KM56_M.wav */,
				95ED8B2C1AEA3B96005E6E3F /* 051_D#2KM56_M.wav */,
				95ED8B2D1AEA3B96005E6E3F /* 052_E2KM56_M.wav */,
				95ED8B2E1AEA3B96005E6E3F /* 053_F2KM56_M.wav */,
				95ED8B2F1AEA3B96005E6E3F /* 054_F#2KM56_M.wav */,
				95ED8B301AEA3B96005E6E3F /* 055_G2KM56_M.wav */,
				95ED8B311AEA3B96005E6E3F /* 056_G#2KM56_M.wav */,
				95ED8B321AEA3B96005E6E3F /* 057_A2KM56_M.wav */,
				95ED8B331AEA3B97005E6E3F /* 058_A#2KM56_M.wav */,
				95ED8B341AEA3B97005E6E3F /* 059_B2KM56_M.wav */,
				95ED8B351AEA3B97005E6E3F /* 060_C3KM56_M.wav */,
				95ED8B361AEA3B97005E6E3F /* 061_C#3KM56_M.wav */,
				95ED8B371AEA3B97005E6E3F /* 062_D3KM56_M.wav */,
				95ED8B381AEA3B97005E6E3F /* 063_D#3KM56_M.wav */,
				95ED8B391AEA3B97005E6E3F /* 064_E3KM56_M.wav */,
				95ED8B3A1AEA3B97005E6E3F /* 065_F3KM56_M.wav */,
				95ED8B3B1AEA3B97005E6E3F /* 066_F#3KM56_M.wav */,
				95ED8B3C1AEA3B97005E6E3F /* 067_G3KM56_M.wav */,
				95ED8B3D1AEA3B97005E6E3F /* 068_G#3KM56_M.wav */,
				95ED8B3E1AEA3B97005E6E3F /* 069_A3KM56_M.wav */,
				95ED8B3F1AEA3B97005E6E3F /* 070_A#3KM56_M.wav */,
				95ED8B401AEA3B97005E6E3F /* 071_B3KM56_M.wav */,
				95ED8B411AEA3B97005E6E3F /* 072_C4KM56_M.wav */,
				95ED8B421AEA3B97005E6E3F /* 073_C#4KM56_M.wav */,
				95ED8B431AEA3B97005E6E3F /* 074_D4KM56_M.wav */,
				95ED8B441AEA3B97005E6E3F /* 075_D#4KM56_M.wav */,
				95ED8B451AEA3B97005E6E3F /* 076_E4KM56_M.wav */,
				95ED8B461AEA3B97005E6E3F /* 077_F4KM56_M.wav */,
				95ED8B471AEA3B97005E6E3F /* 078_F#4KM56_M.wav */,
				95ED8B481AEA3B97005E6E3F /* 079_G4KM56_M.wav */,
				95ED8B491AEA3B97005E6E3F /* 080_G#4KM56_M.wav */,
				95ED8B4A1AEA3B97005E6E3F /* 081_A4KM56_M.wav */,
				95ED8B4B1AEA3B97005E6E3F /* 082_A#4KM56_M.wav */,
				95ED8B4C1AEA3B97005E6E3F /* 083_B4KM56_M.wav */,
				95ED8B4D1AEA3B97005E6E3F /* 084_C5KM56_M.wav */,
				95ED8B4E1AEA3B97005E6E3F /* 085_C#5KM56_M.wav */,
				95ED8B4F1AEA3B97005E6E3F /* 086_D5KM56_M.wav */,
				95ED8B501AEA3B97005E6E3F /* 087_D#5KM56_M.wav */,
				95ED8B511AEA3B97005E6E3F /* 088_E5KM56_M.wav */,
				95ED8B521AEA3B97005E6E3F /* 089_F5KM56_M.wav */,
				95ED8B531AEA3B97005E6E3F /* 090_F#5KM56_M.wav */,
				95ED8B541AEA3B97005E6E3F /* 091_G5KM56_M.wav */,
				95ED8B551AEA3B97005E6E3F /* 092_G#5KM56_M.wav */,
				95ED8B561AEA3B97005E6E3F /* 093_A5KM56_M.wav */,
				95ED8B571AEA3B97005E6E3F /* 094_A#5KM56_M.wav */,
				95ED8B581AEA3B97005E6E3F /* 095_B5KM56_M.wav */,
				95ED8B591AEA3B97005E6E3F /* 096_C6KM56_M.wav */,
				95ED8B5A1AEA3B97005E6E3F /* 097_C#6KM56_M.wav */,
				95ED8B5B1AEA3B97005E6E3F /* 098_D6KM56_M.wav */,
				95ED8B5C1AEA3B97005E6E3F /* 099_D#6KM56_M.wav */,
				95ED8B5D1AEA3B97005E6E3F /* 100_E6KM56_M.wav */,
				95ED8B5E1AEA3B97005E6E3F /* 101_F6KM56_M.wav */,
				95ED8B5F1AEA3B97005E6E3F /* 102_F#6KM56_M.wav */,
				95ED8B601AEA3B97005E6E3F /* 103_G6KM56_M.wav */,
				95ED8B611AEA3B97005E6E3F /* 104_G#6KM56_M.wav */,
				95ED8B621AEA3B97005E6E3F /* 105_A6KM56_M.wav */,
				95ED8B631AEA3B97005E6E3F /* 106_A#6KM56_M.wav */,
				95ED8B641AEA3B97005E6E3F /* 107_B6KM56_M.wav */,
				95ED8B651AEA3B97005E6E3F /* 108_C7KM56_M.wav */,
			);
			path = "Yamaha Grand Piano";
			sourceTree = "<group>";
		};
/* End PBXGroup section */

/* Begin PBXNativeTarget section */
		9589ECFE1AB34F1B0088FB9C /* XMidi */ = {
			isa = PBXNativeTarget;
			buildConfigurationList = 9589ED221AB34F1B0088FB9C /* Build configuration list for PBXNativeTarget "XMidi" */;
			buildPhases = (
				9589ECFB1AB34F1B0088FB9C /* Sources */,
				9589ECFC1AB34F1B0088FB9C /* Frameworks */,
				9589ECFD1AB34F1B0088FB9C /* Resources */,
			);
			buildRules = (
			);
			dependencies = (
			);
			name = XMidi;
			productName = XMidi;
			productReference = 9589ECFF1AB34F1B0088FB9C /* XMidi.app */;
			productType = "com.apple.product-type.application";
		};
		9589ED171AB34F1B0088FB9C /* XMidiTests */ = {
			isa = PBXNativeTarget;
			buildConfigurationList = 9589ED251AB34F1B0088FB9C /* Build configuration list for PBXNativeTarget "XMidiTests" */;
			buildPhases = (
				9589ED141AB34F1B0088FB9C /* Sources */,
				9589ED151AB34F1B0088FB9C /* Frameworks */,
				9589ED161AB34F1B0088FB9C /* Resources */,
			);
			buildRules = (
			);
			dependencies = (
				9589ED1A1AB34F1B0088FB9C /* PBXTargetDependency */,
			);
			name = XMidiTests;
			productName = XMidiTests;
			productReference = 9589ED181AB34F1B0088FB9C /* XMidiTests.xctest */;
			productType = "com.apple.product-type.bundle.unit-test";
		};
/* End PBXNativeTarget section */

/* Begin PBXProject section */
		9589ECF71AB34F1B0088FB9C /* Project object */ = {
			isa = PBXProject;
			attributes = {
				LastUpgradeCheck = 0610;
				ORGANIZATIONNAME = Freedom;
				TargetAttributes = {
					9589ECFE1AB34F1B0088FB9C = {
						CreatedOnToolsVersion = 6.1.1;
					};
					9589ED171AB34F1B0088FB9C = {
						CreatedOnToolsVersion = 6.1.1;
						TestTargetID = 9589ECFE1AB34F1B0088FB9C;
					};
				};
			};
			buildConfigurationList = 9589ECFA1AB34F1B0088FB9C /* Build configuration list for PBXProject "XMidi" */;
			compatibilityVersion = "Xcode 3.2";
			developmentRegion = English;
			hasScannedForEncodings = 0;
			knownRegions = (
				en,
				Base,
			);
			mainGroup = 9589ECF61AB34F1B0088FB9C;
			productRefGroup = 9589ED001AB34F1B0088FB9C /* Products */;
			projectDirPath = "";
			projectRoot = "";
			targets = (
				9589ECFE1AB34F1B0088FB9C /* XMidi */,
				9589ED171AB34F1B0088FB9C /* XMidiTests */,
			);
		};
/* End PBXProject section */

/* Begin PBXResourcesBuildPhase section */
		9589ECFD1AB34F1B0088FB9C /* Resources */ = {
			isa = PBXResourcesBuildPhase;
			buildActionMask = 2147483647;
			files = (
				95ED8B831AEA3B97005E6E3F /* 051_D#2KM56_M.wav in Resources */,
				95ED8B9B1AEA3B97005E6E3F /* 075_D#4KM56_M.wav in Resources */,
				95ED8B891AEA3B97005E6E3F /* 057_A2KM56_M.wav in Resources */,
				95ED8B8C1AEA3B97005E6E3F /* 060_C3KM56_M.wav in Resources */,
				958C31561AB935C0009A1EA1 /* 铃儿响叮当.mid in Resources */,
				95AF42281AB5EBBC005C708C /* 命运交响曲第一章.mid in Resources */,
				95ED8B961AEA3B97005E6E3F /* 070_A#3KM56_M.wav in Resources */,
				952B60B41AB68FD500A87CDB /* Rondeau.mid in Resources */,
				95ED8B681AEA3B97005E6E3F /* 024_C0KM56_M.wav in Resources */,
				95ED8B8A1AEA3B97005E6E3F /* 058_A#2KM56_M.wav in Resources */,
				95ED8B861AEA3B97005E6E3F /* 054_F#2KM56_M.wav in Resources */,
				95ED8BAE1AEA3B97005E6E3F /* 094_A#5KM56_M.wav in Resources */,
				95ED8B931AEA3B97005E6E3F /* 067_G3KM56_M.wav in Resources */,
				95ED8B9C1AEA3B97005E6E3F /* 076_E4KM56_M.wav in Resources */,
				95ED8B781AEA3B97005E6E3F /* 040_E1KM56_M.wav in Resources */,
				95ED8B7A1AEA3B97005E6E3F /* 042_F#1KM56_M.wav in Resources */,
				95ED8BAD1AEA3B97005E6E3F /* 093_A5KM56_M.wav in Resources */,
				95ED8BB11AEA3B97005E6E3F /* 097_C#6KM56_M.wav in Resources */,
				95AF422A1AB5FF5D005C708C /* Images.xcassets in Resources */,
				95ED8B841AEA3B97005E6E3F /* 052_E2KM56_M.wav in Resources */,
				95ED8B7F1AEA3B97005E6E3F /* 047_B1KM56_M.wav in Resources */,
				95ED8B6C1AEA3B97005E6E3F /* 028_E0KM56_M.wav in Resources */,
				952B60B31AB68FD500A87CDB /* 至爱丽丝.mid in Resources */,
				95ED8BA81AEA3B97005E6E3F /* 088_E5KM56_M.wav in Resources */,
				95ED8B6A1AEA3B97005E6E3F /* 026_D0KM56_M.wav in Resources */,
				95ED8B921AEA3B97005E6E3F /* 066_F#3KM56_M.wav in Resources */,
				95ED8B7E1AEA3B97005E6E3F /* 046_A#1KM56_M.wav in Resources */,
				95ED8BB01AEA3B97005E6E3F /* 096_C6KM56_M.wav in Resources */,
				95ED8B7C1AEA3B97005E6E3F /* 044_G#1KM56_M.wav in Resources */,
				9589ED131AB34F1B0088FB9C /* LaunchScreen.xib in Resources */,
				95ED8BA01AEA3B97005E6E3F /* 080_G#4KM56_M.wav in Resources */,
				95ED8B901AEA3B97005E6E3F /* 064_E3KM56_M.wav in Resources */,
				95ED8BAA1AEA3B97005E6E3F /* 090_F#5KM56_M.wav in Resources */,
				95ED8BB91AEA3B97005E6E3F /* 105_A6KM56_M.wav in Resources */,
				95ED8BBB1AEA3B97005E6E3F /* 107_B6KM56_M.wav in Resources */,
				957E0AAB1ABD1BA0002ECC85 /* Sound.fsh in Resources */,
				95ED8B9E1AEA3B97005E6E3F /* 078_F#4KM56_M.wav in Resources */,
				95ED8BA21AEA3B97005E6E3F /* 082_A#4KM56_M.wav in Resources */,
				95ED8B881AEA3B97005E6E3F /* 056_G#2KM56_M.wav in Resources */,
				95ED8B9D1AEA3B97005E6E3F /* 077_F4KM56_M.wav in Resources */,
				95ED8B751AEA3B97005E6E3F /* 037_C#1KM56_M.wav in Resources */,
				95ED8BBC1AEA3B97005E6E3F /* 108_C7KM56_M.wav in Resources */,
				95ED8B951AEA3B97005E6E3F /* 069_A3KM56_M.wav in Resources */,
				95ED8B6F1AEA3B97005E6E3F /* 031_G0KM56_M.wav in Resources */,
				95ED8BA61AEA3B97005E6E3F /* 086_D5KM56_M.wav in Resources */,
				9589EE141AB360D10088FB9C /* 土耳其进行曲.mid in Resources */,
				95ED8B991AEA3B97005E6E3F /* 073_C#4KM56_M.wav in Resources */,
				95ED8B9A1AEA3B97005E6E3F /* 074_D4KM56_M.wav in Resources */,
				95ED8BAC1AEA3B97005E6E3F /* 092_G#5KM56_M.wav in Resources */,
				95ED8B851AEA3B97005E6E3F /* 053_F2KM56_M.wav in Resources */,
				95ED8B6E1AEA3B97005E6E3F /* 030_F#0KM56_M.wav in Resources */,
				95ED8BB81AEA3B97005E6E3F /* 104_G#6KM56_M.wav in Resources */,
				95ED8BA51AEA3B97005E6E3F /* 085_C#5KM56_M.wav in Resources */,
				95ED8BA91AEA3B97005E6E3F /* 089_F5KM56_M.wav in Resources */,
				95AF42181AB4A2DC005C708C /* Sonata No.9 in E-1.mid in Resources */,
				95ED8B7D1AEA3B97005E6E3F /* 045_A1KM56_M.wav in Resources */,
				95ED8B871AEA3B97005E6E3F /* 055_G2KM56_M.wav in Resources */,
				95ED8B821AEA3B97005E6E3F /* 050_D2KM56_M.wav in Resources */,
				952B60B61AB68FD500A87CDB /* Sonata No 14 in C#min-1.mid in Resources */,
				95ED8B771AEA3B97005E6E3F /* 039_D#1KM56_M.wav in Resources */,
				95ED8B711AEA3B97005E6E3F /* 033_A0KM56_M.wav in Resources */,
				95ED8BA31AEA3B97005E6E3F /* 083_B4KM56_M.wav in Resources */,
				95ED8BB41AEA3B97005E6E3F /* 100_E6KM56_M.wav in Resources */,
				95ED8BA71AEA3B97005E6E3F /* 087_D#5KM56_M.wav in Resources */,
				95ED8B6B1AEA3B97005E6E3F /* 027_D#0KM56_M.wav in Resources */,
				95ED8B761AEA3B97005E6E3F /* 038_D1KM56_M.wav in Resources */,
				95ED8BAF1AEA3B97005E6E3F /* 095_B5KM56_M.wav in Resources */,
				952B60B71AB68FD500A87CDB /* Sonata No 14 in C#min-3.mid in Resources */,
				95ED8B981AEA3B97005E6E3F /* 072_C4KM56_M.wav in Resources */,
				95ED8BB71AEA3B97005E6E3F /* 103_G6KM56_M.wav in Resources */,
				95ED8B801AEA3B97005E6E3F /* 048_C2KM56_M.wav in Resources */,
				95ED8B721AEA3B97005E6E3F /* 034_A#0KM56_M.wav in Resources */,
				95ED8B791AEA3B97005E6E3F /* 041_F1KM56_M.wav in Resources */,
				95ED8B811AEA3B97005E6E3F /* 049_C#2KM56_M.wav in Resources */,
				95ED8B971AEA3B97005E6E3F /* 071_B3KM56_M.wav in Resources */,
				95ED8B911AEA3B97005E6E3F /* 065_F3KM56_M.wav in Resources */,
				9589EDAB1AB350460088FB9C /* 绮想轮旋曲.mid in Resources */,
				95ED8B701AEA3B97005E6E3F /* 032_G#0KM56_M.wav in Resources */,
				95ED8BB61AEA3B97005E6E3F /* 102_F#6KM56_M.wav in Resources */,
				95ED8B8D1AEA3B97005E6E3F /* 061_C#3KM56_M.wav in Resources */,
				95ED8BB51AEA3B97005E6E3F /* 101_F6KM56_M.wav in Resources */,
				95ED8BAB1AEA3B97005E6E3F /* 091_G5KM56_M.wav in Resources */,
				95ED8B731AEA3B97005E6E3F /* 035_B0KM56_M.wav in Resources */,
				952B60B51AB68FD500A87CDB /* Rondo in C (Op.51. No.1.).mid in Resources */,
				95ED8B9F1AEA3B97005E6E3F /* 079_G4KM56_M.wav in Resources */,
				95ED8B8F1AEA3B97005E6E3F /* 063_D#3KM56_M.wav in Resources */,
				95ED8B741AEA3B97005E6E3F /* 036_C1KM56_M.wav in Resources */,
				95ED8BB31AEA3B97005E6E3F /* 099_D#6KM56_M.wav in Resources */,
				95ED8BA41AEA3B97005E6E3F /* 084_C5KM56_M.wav in Resources */,
				95ED8B691AEA3B97005E6E3F /* 025_C#0KM56_M.wav in Resources */,
				9589EDA91AB350460088FB9C /* 埃克赛斯舞曲.mid in Resources */,
				95ED8B8E1AEA3B97005E6E3F /* 062_D3KM56_M.wav in Resources */,
				95ED8BBA1AEA3B97005E6E3F /* 106_A#6KM56_M.wav in Resources */,
				95ED8BB21AEA3B97005E6E3F /* 098_D6KM56_M.wav in Resources */,
				95ED8B7B1AEA3B97005E6E3F /* 043_G1KM56_M.wav in Resources */,
				9589ED0E1AB34F1B0088FB9C /* Main.storyboard in Resources */,
				95ED8B8B1AEA3B97005E6E3F /* 059_B2KM56_M.wav in Resources */,
				95ED8B941AEA3B97005E6E3F /* 068_G#3KM56_M.wav in Resources */,
				95ED8BA11AEA3B97005E6E3F /* 081_A4KM56_M.wav in Resources */,
				95ED8B6D1AEA3B97005E6E3F /* 029_F0KM56_M.wav in Resources */,
			);
			runOnlyForDeploymentPostprocessing = 0;
		};
		9589ED161AB34F1B0088FB9C /* Resources */ = {
			isa = PBXResourcesBuildPhase;
			buildActionMask = 2147483647;
			files = (
			);
			runOnlyForDeploymentPostprocessing = 0;
		};
/* End PBXResourcesBuildPhase section */

/* Begin PBXSourcesBuildPhase section */
		9589ECFB1AB34F1B0088FB9C /* Sources */ = {
			isa = PBXSourcesBuildPhase;
			buildActionMask = 2147483647;
			files = (
				95ED8A9A1AEA3565005E6E3F /* XMidiSequence.m in Sources */,
				95ED8A961AEA3565005E6E3F /* XMidiEvent.m in Sources */,
				95ED8A951AEA3565005E6E3F /* XFunction.m in Sources */,
				95A4E2271ABE500600FE6946 /* XIconButton.swift in Sources */,
				95ED8A9E1AEA3565005E6E3F /* OpenALSupport.c in Sources */,
				958C315D1AB943D9009A1EA1 /* XMidiFile.swift in Sources */,
				95ED8BBF1AEA4620005E6E3F /* XSoundFile.m in Sources */,
				95ED8AA01AEA3565005E6E3F /* XOpenALPlayer.m in Sources */,
				9589EE051AB3523A0088FB9C /* XBarButton.swift in Sources */,
				95ED8B051AEA365C005E6E3F /* JMODevicePowerInfos.m in Sources */,
				95ED8B081AEA365C005E6E3F /* UIApplication+iAppInfos.m in Sources */,
				95ED8A9C1AEA3565005E6E3F /* XMidiTrack.m in Sources */,
				9589ED091AB34F1B0088FB9C /* MusicPlay.swift in Sources */,
				95ED8A9B1AEA3565005E6E3F /* XMidiTempoEvent.m in Sources */,
				95A4E2251ABE4CDC00FE6946 /* XProgressBar.swift in Sources */,
				95ED8BBD1AEA3B97005E6E3F /* XMusicalInstrumentsManager.m in Sources */,
				957E0AAC1ABD1BA0002ECC85 /* XSharderCenter.m in Sources */,
				9589ED0B1AB34F1B0088FB9C /* GameViewController.swift in Sources */,
				95ED8A971AEA3565005E6E3F /* XMidiEventIterator.m in Sources */,
				95ED8B0D1AEA3A2D005E6E3F /* XMidiPlayer.m in Sources */,
				95ED8B091AEA365C005E6E3F /* UIDevice+iAppInfos.m in Sources */,
				9589ED051AB34F1B0088FB9C /* AppDelegate.swift in Sources */,
				95ED8BC31AEA4686005E6E3F /* XMusicalInstrument.m in Sources */,
				95ED8A981AEA3565005E6E3F /* XMidiNoteMessage.m in Sources */,
				95ED8B041AEA365C005E6E3F /* iAppInfos.m in Sources */,
				95ED8A9F1AEA3565005E6E3F /* XOpenAL.m in Sources */,
				95ED8B071AEA365C005E6E3F /* NSDictionary+iAppInfos.m in Sources */,
				95ED8B061AEA365C005E6E3F /* JMOMobileProvisionning.m in Sources */,
			);
			runOnlyForDeploymentPostprocessing = 0;
		};
		9589ED141AB34F1B0088FB9C /* Sources */ = {
			isa = PBXSourcesBuildPhase;
			buildActionMask = 2147483647;
			files = (
				9589ED1F1AB34F1B0088FB9C /* XMidiTests.swift in Sources */,
			);
			runOnlyForDeploymentPostprocessing = 0;
		};
/* End PBXSourcesBuildPhase section */

/* Begin PBXTargetDependency section */
		9589ED1A1AB34F1B0088FB9C /* PBXTargetDependency */ = {
			isa = PBXTargetDependency;
			target = 9589ECFE1AB34F1B0088FB9C /* XMidi */;
			targetProxy = 9589ED191AB34F1B0088FB9C /* PBXContainerItemProxy */;
		};
/* End PBXTargetDependency section */

/* Begin PBXVariantGroup section */
		9589ED0C1AB34F1B0088FB9C /* Main.storyboard */ = {
			isa = PBXVariantGroup;
			children = (
				9589ED0D1AB34F1B0088FB9C /* Base */,
			);
			name = Main.storyboard;
			sourceTree = "<group>";
		};
		9589ED111AB34F1B0088FB9C /* LaunchScreen.xib */ = {
			isa = PBXVariantGroup;
			children = (
				9589ED121AB34F1B0088FB9C /* Base */,
			);
			name = LaunchScreen.xib;
			sourceTree = "<group>";
		};
/* End PBXVariantGroup section */

/* Begin XCBuildConfiguration section */
		9589ED201AB34F1B0088FB9C /* Debug */ = {
			isa = XCBuildConfiguration;
			buildSettings = {
				ALWAYS_SEARCH_USER_PATHS = NO;
				CLANG_CXX_LANGUAGE_STANDARD = "gnu++0x";
				CLANG_CXX_LIBRARY = "libc++";
				CLANG_ENABLE_MODULES = YES;
				CLANG_ENABLE_OBJC_ARC = YES;
				CLANG_WARN_BOOL_CONVERSION = YES;
				CLANG_WARN_CONSTANT_CONVERSION = YES;
				CLANG_WARN_DIRECT_OBJC_ISA_USAGE = YES_ERROR;
				CLANG_WARN_EMPTY_BODY = YES;
				CLANG_WARN_ENUM_CONVERSION = YES;
				CLANG_WARN_INT_CONVERSION = YES;
				CLANG_WARN_OBJC_ROOT_CLASS = YES_ERROR;
				CLANG_WARN_UNREACHABLE_CODE = YES;
				CLANG_WARN__DUPLICATE_METHOD_MATCH = YES;
				"CODE_SIGN_IDENTITY[sdk=iphoneos*]" = "iPhone Developer";
				COPY_PHASE_STRIP = NO;
				ENABLE_STRICT_OBJC_MSGSEND = YES;
				GCC_C_LANGUAGE_STANDARD = gnu99;
				GCC_DYNAMIC_NO_PIC = NO;
				GCC_OPTIMIZATION_LEVEL = 0;
				GCC_PREPROCESSOR_DEFINITIONS = (
					"DEBUG=1",
					"$(inherited)",
				);
				GCC_SYMBOLS_PRIVATE_EXTERN = NO;
				GCC_WARN_64_TO_32_BIT_CONVERSION = YES;
				GCC_WARN_ABOUT_RETURN_TYPE = YES_ERROR;
				GCC_WARN_UNDECLARED_SELECTOR = YES;
				GCC_WARN_UNINITIALIZED_AUTOS = YES_AGGRESSIVE;
				GCC_WARN_UNUSED_FUNCTION = YES;
				GCC_WARN_UNUSED_VARIABLE = YES;
				IPHONEOS_DEPLOYMENT_TARGET = 8.1;
				MTL_ENABLE_DEBUG_INFO = YES;
				ONLY_ACTIVE_ARCH = YES;
				SDKROOT = iphoneos;
				SWIFT_OPTIMIZATION_LEVEL = "-Onone";
				TARGETED_DEVICE_FAMILY = "1,2";
			};
			name = Debug;
		};
		9589ED211AB34F1B0088FB9C /* Release */ = {
			isa = XCBuildConfiguration;
			buildSettings = {
				ALWAYS_SEARCH_USER_PATHS = NO;
				CLANG_CXX_LANGUAGE_STANDARD = "gnu++0x";
				CLANG_CXX_LIBRARY = "libc++";
				CLANG_ENABLE_MODULES = YES;
				CLANG_ENABLE_OBJC_ARC = YES;
				CLANG_WARN_BOOL_CONVERSION = YES;
				CLANG_WARN_CONSTANT_CONVERSION = YES;
				CLANG_WARN_DIRECT_OBJC_ISA_USAGE = YES_ERROR;
				CLANG_WARN_EMPTY_BODY = YES;
				CLANG_WARN_ENUM_CONVERSION = YES;
				CLANG_WARN_INT_CONVERSION = YES;
				CLANG_WARN_OBJC_ROOT_CLASS = YES_ERROR;
				CLANG_WARN_UNREACHABLE_CODE = YES;
				CLANG_WARN__DUPLICATE_METHOD_MATCH = YES;
				"CODE_SIGN_IDENTITY[sdk=iphoneos*]" = "iPhone Developer";
				COPY_PHASE_STRIP = YES;
				ENABLE_NS_ASSERTIONS = NO;
				ENABLE_STRICT_OBJC_MSGSEND = YES;
				GCC_C_LANGUAGE_STANDARD = gnu99;
				GCC_WARN_64_TO_32_BIT_CONVERSION = YES;
				GCC_WARN_ABOUT_RETURN_TYPE = YES_ERROR;
				GCC_WARN_UNDECLARED_SELECTOR = YES;
				GCC_WARN_UNINITIALIZED_AUTOS = YES_AGGRESSIVE;
				GCC_WARN_UNUSED_FUNCTION = YES;
				GCC_WARN_UNUSED_VARIABLE = YES;
				IPHONEOS_DEPLOYMENT_TARGET = 8.1;
				MTL_ENABLE_DEBUG_INFO = NO;
				SDKROOT = iphoneos;
				TARGETED_DEVICE_FAMILY = "1,2";
				VALIDATE_PRODUCT = YES;
			};
			name = Release;
		};
		9589ED231AB34F1B0088FB9C /* Debug */ = {
			isa = XCBuildConfiguration;
			buildSettings = {
				ASSETCATALOG_COMPILER_APPICON_NAME = AppIcon;
				INFOPLIST_FILE = XMidi/Info.plist;
				LD_RUNPATH_SEARCH_PATHS = "$(inherited) @executable_path/Frameworks";
				PRODUCT_NAME = "$(TARGET_NAME)";
				SWIFT_OBJC_BRIDGING_HEADER = "XMidi-Bridging-Header.h";
			};
			name = Debug;
		};
		9589ED241AB34F1B0088FB9C /* Release */ = {
			isa = XCBuildConfiguration;
			buildSettings = {
				ASSETCATALOG_COMPILER_APPICON_NAME = AppIcon;
				INFOPLIST_FILE = XMidi/Info.plist;
				LD_RUNPATH_SEARCH_PATHS = "$(inherited) @executable_path/Frameworks";
				PRODUCT_NAME = "$(TARGET_NAME)";
				SWIFT_OBJC_BRIDGING_HEADER = "XMidi-Bridging-Header.h";
			};
			name = Release;
		};
		9589ED261AB34F1B0088FB9C /* Debug */ = {
			isa = XCBuildConfiguration;
			buildSettings = {
				BUNDLE_LOADER = "$(TEST_HOST)";
				FRAMEWORK_SEARCH_PATHS = (
					"$(SDKROOT)/Developer/Library/Frameworks",
					"$(inherited)",
				);
				GCC_PREPROCESSOR_DEFINITIONS = (
					"DEBUG=1",
					"$(inherited)",
				);
				INFOPLIST_FILE = XMidiTests/Info.plist;
				LD_RUNPATH_SEARCH_PATHS = "$(inherited) @executable_path/Frameworks @loader_path/Frameworks";
				PRODUCT_NAME = "$(TARGET_NAME)";
				TEST_HOST = "$(BUILT_PRODUCTS_DIR)/XMidi.app/XMidi";
			};
			name = Debug;
		};
		9589ED271AB34F1B0088FB9C /* Release */ = {
			isa = XCBuildConfiguration;
			buildSettings = {
				BUNDLE_LOADER = "$(TEST_HOST)";
				FRAMEWORK_SEARCH_PATHS = (
					"$(SDKROOT)/Developer/Library/Frameworks",
					"$(inherited)",
				);
				INFOPLIST_FILE = XMidiTests/Info.plist;
				LD_RUNPATH_SEARCH_PATHS = "$(inherited) @executable_path/Frameworks @loader_path/Frameworks";
				PRODUCT_NAME = "$(TARGET_NAME)";
				TEST_HOST = "$(BUILT_PRODUCTS_DIR)/XMidi.app/XMidi";
			};
			name = Release;
		};
/* End XCBuildConfiguration section */

/* Begin XCConfigurationList section */
		9589ECFA1AB34F1B0088FB9C /* Build configuration list for PBXProject "XMidi" */ = {
			isa = XCConfigurationList;
			buildConfigurations = (
				9589ED201AB34F1B0088FB9C /* Debug */,
				9589ED211AB34F1B0088FB9C /* Release */,
			);
			defaultConfigurationIsVisible = 0;
			defaultConfigurationName = Release;
		};
		9589ED221AB34F1B0088FB9C /* Build configuration list for PBXNativeTarget "XMidi" */ = {
			isa = XCConfigurationList;
			buildConfigurations = (
				9589ED231AB34F1B0088FB9C /* Debug */,
				9589ED241AB34F1B0088FB9C /* Release */,
			);
			defaultConfigurationIsVisible = 0;
			defaultConfigurationName = Release;
		};
		9589ED251AB34F1B0088FB9C /* Build configuration list for PBXNativeTarget "XMidiTests" */ = {
			isa = XCConfigurationList;
			buildConfigurations = (
				9589ED261AB34F1B0088FB9C /* Debug */,
				9589ED271AB34F1B0088FB9C /* Release */,
			);
			defaultConfigurationIsVisible = 0;
			defaultConfigurationName = Release;
		};
/* End XCConfigurationList section */
	};
	rootObject = 9589ECF71AB34F1B0088FB9C /* Project object */;
}
